PODS:
  - boost-for-react-native (1.63.0)
  - BVLinearGradient (2.5.6):
    - React
  - CocoaAsyncSocket (7.6.4)
  - CocoaLibEvent (1.0.0)
  - DoubleConversion (1.1.6)
  - EXConstants (9.3.5):
    - UMConstantsInterface
    - UMCore
  - EXFileSystem (9.3.0):
    - UMCore
    - UMFileSystemInterface
  - EXGL (8.4.0):
    - EXGL_CPP
    - UMCameraInterface
    - UMCore
    - UMFileSystemInterface
  - EXGL_CPP (8.4.0):
    - EXGL_CPP/EXGLContext (= 8.4.0)
  - EXGL_CPP/EXGLContext (8.4.0)
  - EXImageLoader (1.3.0):
    - React-Core
    - UMCore
    - UMImageLoaderInterface
  - EXPermissions (10.0.0):
    - UMCore
    - UMPermissionsInterface
  - FBLazyVector (0.63.1)
  - FBReactNativeSpec (0.63.1):
    - Folly (= 2020.01.13.00)
    - RCTRequired (= 0.63.1)
    - RCTTypeSafety (= 0.63.1)
    - React-Core (= 0.63.1)
    - React-jsi (= 0.63.1)
    - ReactCommon/turbomodule/core (= 0.63.1)
  - Flipper (0.41.5):
    - Flipper-Folly (~> 2.2)
    - Flipper-RSocket (~> 1.1)
  - Flipper-DoubleConversion (1.1.7)
  - Flipper-Folly (2.2.0):
    - boost-for-react-native
    - CocoaLibEvent (~> 1.0)
    - Flipper-DoubleConversion
    - Flipper-Glog
    - OpenSSL-Universal (= 1.0.2.19)
  - Flipper-Glog (0.3.6)
  - Flipper-PeerTalk (0.0.4)
  - Flipper-RSocket (1.1.0):
    - Flipper-Folly (~> 2.2)
  - FlipperKit (0.41.5):
    - FlipperKit/Core (= 0.41.5)
  - FlipperKit/Core (0.41.5):
    - Flipper (~> 0.41.5)
    - FlipperKit/CppBridge
    - FlipperKit/FBCxxFollyDynamicConvert
    - FlipperKit/FBDefines
    - FlipperKit/FKPortForwarding
  - FlipperKit/CppBridge (0.41.5):
    - Flipper (~> 0.41.5)
  - FlipperKit/FBCxxFollyDynamicConvert (0.41.5):
    - Flipper-Folly (~> 2.2)
  - FlipperKit/FBDefines (0.41.5)
  - FlipperKit/FKPortForwarding (0.41.5):
    - CocoaAsyncSocket (~> 7.6)
    - Flipper-PeerTalk (~> 0.0.4)
  - FlipperKit/FlipperKitHighlightOverlay (0.41.5)
  - FlipperKit/FlipperKitLayoutPlugin (0.41.5):
    - FlipperKit/Core
    - FlipperKit/FlipperKitHighlightOverlay
    - FlipperKit/FlipperKitLayoutTextSearchable
    - YogaKit (~> 1.18)
  - FlipperKit/FlipperKitLayoutTextSearchable (0.41.5)
  - FlipperKit/FlipperKitNetworkPlugin (0.41.5):
    - FlipperKit/Core
  - FlipperKit/FlipperKitReactPlugin (0.41.5):
    - FlipperKit/Core
  - FlipperKit/FlipperKitUserDefaultsPlugin (0.41.5):
    - FlipperKit/Core
  - FlipperKit/SKIOSNetworkPlugin (0.41.5):
    - FlipperKit/Core
    - FlipperKit/FlipperKitNetworkPlugin
  - Folly (2020.01.13.00):
    - boost-for-react-native
    - DoubleConversion
    - Folly/Default (= 2020.01.13.00)
    - glog
  - Folly/Default (2020.01.13.00):
    - boost-for-react-native
    - DoubleConversion
    - glog
  - glog (0.3.5)
  - OpenSSL-Universal (1.0.2.19):
    - OpenSSL-Universal/Static (= 1.0.2.19)
  - OpenSSL-Universal/Static (1.0.2.19)
  - RCTRequired (0.63.1)
  - RCTTypeSafety (0.63.1):
    - FBLazyVector (= 0.63.1)
    - Folly (= 2020.01.13.00)
    - RCTRequired (= 0.63.1)
    - React-Core (= 0.63.1)
  - React (0.63.1):
    - React-Core (= 0.63.1)
    - React-Core/DevSupport (= 0.63.1)
    - React-Core/RCTWebSocket (= 0.63.1)
    - React-RCTActionSheet (= 0.63.1)
    - React-RCTAnimation (= 0.63.1)
    - React-RCTBlob (= 0.63.1)
    - React-RCTImage (= 0.63.1)
    - React-RCTLinking (= 0.63.1)
    - React-RCTNetwork (= 0.63.1)
    - React-RCTSettings (= 0.63.1)
    - React-RCTText (= 0.63.1)
    - React-RCTVibration (= 0.63.1)
  - React-callinvoker (0.63.1)
  - React-Core (0.63.1):
    - Folly (= 2020.01.13.00)
    - glog
    - React-Core/Default (= 0.63.1)
    - React-cxxreact (= 0.63.1)
    - React-jsi (= 0.63.1)
    - React-jsiexecutor (= 0.63.1)
    - Yoga
  - React-Core/CoreModulesHeaders (0.63.1):
    - Folly (= 2020.01.13.00)
    - glog
    - React-Core/Default
    - React-cxxreact (= 0.63.1)
    - React-jsi (= 0.63.1)
    - React-jsiexecutor (= 0.63.1)
    - Yoga
  - React-Core/Default (0.63.1):
    - Folly (= 2020.01.13.00)
    - glog
    - React-cxxreact (= 0.63.1)
    - React-jsi (= 0.63.1)
    - React-jsiexecutor (= 0.63.1)
    - Yoga
  - React-Core/DevSupport (0.63.1):
    - Folly (= 2020.01.13.00)
    - glog
    - React-Core/Default (= 0.63.1)
    - React-Core/RCTWebSocket (= 0.63.1)
    - React-cxxreact (= 0.63.1)
    - React-jsi (= 0.63.1)
    - React-jsiexecutor (= 0.63.1)
    - React-jsinspector (= 0.63.1)
    - Yoga
  - React-Core/RCTActionSheetHeaders (0.63.1):
    - Folly (= 2020.01.13.00)
    - glog
    - React-Core/Default
    - React-cxxreact (= 0.63.1)
    - React-jsi (= 0.63.1)
    - React-jsiexecutor (= 0.63.1)
    - Yoga
  - React-Core/RCTAnimationHeaders (0.63.1):
    - Folly (= 2020.01.13.00)
    - glog
    - React-Core/Default
    - React-cxxreact (= 0.63.1)
    - React-jsi (= 0.63.1)
    - React-jsiexecutor (= 0.63.1)
    - Yoga
  - React-Core/RCTBlobHeaders (0.63.1):
    - Folly (= 2020.01.13.00)
    - glog
    - React-Core/Default
    - React-cxxreact (= 0.63.1)
    - React-jsi (= 0.63.1)
    - React-jsiexecutor (= 0.63.1)
    - Yoga
  - React-Core/RCTImageHeaders (0.63.1):
    - Folly (= 2020.01.13.00)
    - glog
    - React-Core/Default
    - React-cxxreact (= 0.63.1)
    - React-jsi (= 0.63.1)
    - React-jsiexecutor (= 0.63.1)
    - Yoga
  - React-Core/RCTLinkingHeaders (0.63.1):
    - Folly (= 2020.01.13.00)
    - glog
    - React-Core/Default
    - React-cxxreact (= 0.63.1)
    - React-jsi (= 0.63.1)
    - React-jsiexecutor (= 0.63.1)
    - Yoga
  - React-Core/RCTNetworkHeaders (0.63.1):
    - Folly (= 2020.01.13.00)
    - glog
    - React-Core/Default
    - React-cxxreact (= 0.63.1)
    - React-jsi (= 0.63.1)
    - React-jsiexecutor (= 0.63.1)
    - Yoga
  - React-Core/RCTSettingsHeaders (0.63.1):
    - Folly (= 2020.01.13.00)
    - glog
    - React-Core/Default
    - React-cxxreact (= 0.63.1)
    - React-jsi (= 0.63.1)
    - React-jsiexecutor (= 0.63.1)
    - Yoga
  - React-Core/RCTTextHeaders (0.63.1):
    - Folly (= 2020.01.13.00)
    - glog
    - React-Core/Default
    - React-cxxreact (= 0.63.1)
    - React-jsi (= 0.63.1)
    - React-jsiexecutor (= 0.63.1)
    - Yoga
  - React-Core/RCTVibrationHeaders (0.63.1):
    - Folly (= 2020.01.13.00)
    - glog
    - React-Core/Default
    - React-cxxreact (= 0.63.1)
    - React-jsi (= 0.63.1)
    - React-jsiexecutor (= 0.63.1)
    - Yoga
  - React-Core/RCTWebSocket (0.63.1):
    - Folly (= 2020.01.13.00)
    - glog
    - React-Core/Default (= 0.63.1)
    - React-cxxreact (= 0.63.1)
    - React-jsi (= 0.63.1)
    - React-jsiexecutor (= 0.63.1)
    - Yoga
  - React-CoreModules (0.63.1):
    - FBReactNativeSpec (= 0.63.1)
    - Folly (= 2020.01.13.00)
    - RCTTypeSafety (= 0.63.1)
    - React-Core/CoreModulesHeaders (= 0.63.1)
    - React-jsi (= 0.63.1)
    - React-RCTImage (= 0.63.1)
    - ReactCommon/turbomodule/core (= 0.63.1)
  - React-cxxreact (0.63.1):
    - boost-for-react-native (= 1.63.0)
    - DoubleConversion
    - Folly (= 2020.01.13.00)
    - glog
    - React-callinvoker (= 0.63.1)
    - React-jsinspector (= 0.63.1)
  - React-jsi (0.63.1):
    - boost-for-react-native (= 1.63.0)
    - DoubleConversion
    - Folly (= 2020.01.13.00)
    - glog
    - React-jsi/Default (= 0.63.1)
  - React-jsi/Default (0.63.1):
    - boost-for-react-native (= 1.63.0)
    - DoubleConversion
    - Folly (= 2020.01.13.00)
    - glog
  - React-jsiexecutor (0.63.1):
    - DoubleConversion
    - Folly (= 2020.01.13.00)
    - glog
    - React-cxxreact (= 0.63.1)
    - React-jsi (= 0.63.1)
  - React-jsinspector (0.63.1)
  - react-native-safe-area-context (3.1.9):
    - React-Core
  - react-native-video (5.1.0-alpha8):
    - React
    - react-native-video/Video (= 5.1.0-alpha8)
  - react-native-video/Video (5.1.0-alpha8):
    - React
  - React-RCTActionSheet (0.63.1):
    - React-Core/RCTActionSheetHeaders (= 0.63.1)
  - React-RCTAnimation (0.63.1):
    - FBReactNativeSpec (= 0.63.1)
    - Folly (= 2020.01.13.00)
    - RCTTypeSafety (= 0.63.1)
    - React-Core/RCTAnimationHeaders (= 0.63.1)
    - React-jsi (= 0.63.1)
    - ReactCommon/turbomodule/core (= 0.63.1)
  - React-RCTBlob (0.63.1):
    - FBReactNativeSpec (= 0.63.1)
    - Folly (= 2020.01.13.00)
    - React-Core/RCTBlobHeaders (= 0.63.1)
    - React-Core/RCTWebSocket (= 0.63.1)
    - React-jsi (= 0.63.1)
    - React-RCTNetwork (= 0.63.1)
    - ReactCommon/turbomodule/core (= 0.63.1)
  - React-RCTImage (0.63.1):
    - FBReactNativeSpec (= 0.63.1)
    - Folly (= 2020.01.13.00)
    - RCTTypeSafety (= 0.63.1)
    - React-Core/RCTImageHeaders (= 0.63.1)
    - React-jsi (= 0.63.1)
    - React-RCTNetwork (= 0.63.1)
    - ReactCommon/turbomodule/core (= 0.63.1)
  - React-RCTLinking (0.63.1):
    - FBReactNativeSpec (= 0.63.1)
    - React-Core/RCTLinkingHeaders (= 0.63.1)
    - React-jsi (= 0.63.1)
    - ReactCommon/turbomodule/core (= 0.63.1)
  - React-RCTNetwork (0.63.1):
    - FBReactNativeSpec (= 0.63.1)
    - Folly (= 2020.01.13.00)
    - RCTTypeSafety (= 0.63.1)
    - React-Core/RCTNetworkHeaders (= 0.63.1)
    - React-jsi (= 0.63.1)
    - ReactCommon/turbomodule/core (= 0.63.1)
  - React-RCTSettings (0.63.1):
    - FBReactNativeSpec (= 0.63.1)
    - Folly (= 2020.01.13.00)
    - RCTTypeSafety (= 0.63.1)
    - React-Core/RCTSettingsHeaders (= 0.63.1)
    - React-jsi (= 0.63.1)
    - ReactCommon/turbomodule/core (= 0.63.1)
  - React-RCTText (0.63.1):
    - React-Core/RCTTextHeaders (= 0.63.1)
  - React-RCTVibration (0.63.1):
    - FBReactNativeSpec (= 0.63.1)
    - Folly (= 2020.01.13.00)
    - React-Core/RCTVibrationHeaders (= 0.63.1)
    - React-jsi (= 0.63.1)
    - ReactCommon/turbomodule/core (= 0.63.1)
  - ReactCommon/turbomodule/core (0.63.1):
    - DoubleConversion
    - Folly (= 2020.01.13.00)
    - glog
    - React-callinvoker (= 0.63.1)
    - React-Core (= 0.63.1)
    - React-cxxreact (= 0.63.1)
    - React-jsi (= 0.63.1)
  - RNCMaskedView (0.1.10):
    - React
  - RNDeviceInfo (7.3.1):
    - React-Core
  - RNGestureHandler (1.6.1):
    - React
  - RNReanimated (2.0.0-rc.0):
    - DoubleConversion
    - FBLazyVector
    - FBReactNativeSpec
    - Folly
    - glog
    - RCTRequired
    - RCTTypeSafety
    - React
    - React-callinvoker
    - React-Core
    - React-Core/DevSupport
    - React-Core/RCTWebSocket
    - React-CoreModules
    - React-cxxreact
    - React-jsi
    - React-jsiexecutor
    - React-jsinspector
    - React-RCTActionSheet
    - React-RCTAnimation
    - React-RCTBlob
    - React-RCTImage
    - React-RCTLinking
    - React-RCTNetwork
    - React-RCTSettings
    - React-RCTText
    - React-RCTVibration
    - ReactCommon/turbomodule/core
    - Yoga
  - RNScreens (2.15.0):
    - React-Core
  - RNSharedElement (0.7.0):
    - React
  - RNSVG (12.1.0):
    - React
  - UMAppLoader (1.4.0)
  - UMBarCodeScannerInterface (5.4.0)
  - UMCameraInterface (5.4.0)
  - UMConstantsInterface (5.4.0)
  - UMCore (6.0.0)
  - UMFaceDetectorInterface (5.4.0)
  - UMFileSystemInterface (5.4.0)
  - UMFontInterface (5.4.0)
  - UMImageLoaderInterface (5.4.0)
  - UMPermissionsInterface (5.4.0):
    - UMCore
  - UMReactNativeAdapter (5.7.0):
    - React-Core
    - UMCore
    - UMFontInterface
  - UMSensorsInterface (5.4.0)
  - UMTaskManagerInterface (5.4.0)
  - Yoga (1.14.0)
  - YogaKit (1.18.1):
    - Yoga (~> 1.14)

DEPENDENCIES:
  - BVLinearGradient (from `../node_modules/react-native-linear-gradient`)
  - DoubleConversion (from `../node_modules/react-native/third-party-podspecs/DoubleConversion.podspec`)
  - EXConstants (from `../node_modules/expo-constants/ios`)
  - EXFileSystem (from `../node_modules/expo-file-system/ios`)
  - EXGL (from `../node_modules/expo-gl/ios`)
  - EXGL_CPP (from `../node_modules/expo-gl-cpp/cpp`)
  - EXImageLoader (from `../node_modules/expo-image-loader/ios`)
  - EXPermissions (from `../node_modules/expo-permissions/ios`)
  - FBLazyVector (from `../node_modules/react-native/Libraries/FBLazyVector`)
  - FBReactNativeSpec (from `../node_modules/react-native/Libraries/FBReactNativeSpec`)
  - Flipper (~> 0.41.1)
  - Flipper-DoubleConversion (= 1.1.7)
  - Flipper-Folly (~> 2.2)
  - Flipper-Glog (= 0.3.6)
  - Flipper-PeerTalk (~> 0.0.4)
  - Flipper-RSocket (~> 1.1)
  - FlipperKit (~> 0.41.1)
  - FlipperKit/Core (~> 0.41.1)
  - FlipperKit/CppBridge (~> 0.41.1)
  - FlipperKit/FBCxxFollyDynamicConvert (~> 0.41.1)
  - FlipperKit/FBDefines (~> 0.41.1)
  - FlipperKit/FKPortForwarding (~> 0.41.1)
  - FlipperKit/FlipperKitHighlightOverlay (~> 0.41.1)
  - FlipperKit/FlipperKitLayoutPlugin (~> 0.41.1)
  - FlipperKit/FlipperKitLayoutTextSearchable (~> 0.41.1)
  - FlipperKit/FlipperKitNetworkPlugin (~> 0.41.1)
  - FlipperKit/FlipperKitReactPlugin (~> 0.41.1)
  - FlipperKit/FlipperKitUserDefaultsPlugin (~> 0.41.1)
  - FlipperKit/SKIOSNetworkPlugin (~> 0.41.1)
  - Folly (from `../node_modules/react-native/third-party-podspecs/Folly.podspec`)
  - glog (from `../node_modules/react-native/third-party-podspecs/glog.podspec`)
  - RCTRequired (from `../node_modules/react-native/Libraries/RCTRequired`)
  - RCTTypeSafety (from `../node_modules/react-native/Libraries/TypeSafety`)
  - React (from `../node_modules/react-native/`)
  - React-callinvoker (from `../node_modules/react-native/ReactCommon/callinvoker`)
  - React-Core (from `../node_modules/react-native/`)
  - React-Core/DevSupport (from `../node_modules/react-native/`)
  - React-Core/RCTWebSocket (from `../node_modules/react-native/`)
  - React-CoreModules (from `../node_modules/react-native/React/CoreModules`)
  - React-cxxreact (from `../node_modules/react-native/ReactCommon/cxxreact`)
  - React-jsi (from `../node_modules/react-native/ReactCommon/jsi`)
  - React-jsiexecutor (from `../node_modules/react-native/ReactCommon/jsiexecutor`)
  - React-jsinspector (from `../node_modules/react-native/ReactCommon/jsinspector`)
  - react-native-safe-area-context (from `../node_modules/react-native-safe-area-context`)
  - react-native-video (from `../node_modules/react-native-video`)
  - React-RCTActionSheet (from `../node_modules/react-native/Libraries/ActionSheetIOS`)
  - React-RCTAnimation (from `../node_modules/react-native/Libraries/NativeAnimation`)
  - React-RCTBlob (from `../node_modules/react-native/Libraries/Blob`)
  - React-RCTImage (from `../node_modules/react-native/Libraries/Image`)
  - React-RCTLinking (from `../node_modules/react-native/Libraries/LinkingIOS`)
  - React-RCTNetwork (from `../node_modules/react-native/Libraries/Network`)
  - React-RCTSettings (from `../node_modules/react-native/Libraries/Settings`)
  - React-RCTText (from `../node_modules/react-native/Libraries/Text`)
  - React-RCTVibration (from `../node_modules/react-native/Libraries/Vibration`)
  - ReactCommon/turbomodule/core (from `../node_modules/react-native/ReactCommon`)
  - "RNCMaskedView (from `../node_modules/@react-native-community/masked-view`)"
  - RNDeviceInfo (from `../node_modules/react-native-device-info`)
  - RNGestureHandler (from `../node_modules/react-native-gesture-handler`)
  - RNReanimated (from `../node_modules/react-native-reanimated`)
  - RNScreens (from `../node_modules/react-native-screens`)
  - RNSharedElement (from `../node_modules/react-native-shared-element`)
  - RNSVG (from `../node_modules/react-native-svg`)
  - UMAppLoader (from `../node_modules/unimodules-app-loader/ios`)
  - UMBarCodeScannerInterface (from `../node_modules/unimodules-barcode-scanner-interface/ios`)
  - UMCameraInterface (from `../node_modules/unimodules-camera-interface/ios`)
  - UMConstantsInterface (from `../node_modules/unimodules-constants-interface/ios`)
  - "UMCore (from `../node_modules/@unimodules/core/ios`)"
  - UMFaceDetectorInterface (from `../node_modules/unimodules-face-detector-interface/ios`)
  - UMFileSystemInterface (from `../node_modules/unimodules-file-system-interface/ios`)
  - UMFontInterface (from `../node_modules/unimodules-font-interface/ios`)
  - UMImageLoaderInterface (from `../node_modules/unimodules-image-loader-interface/ios`)
  - UMPermissionsInterface (from `../node_modules/unimodules-permissions-interface/ios`)
  - "UMReactNativeAdapter (from `../node_modules/@unimodules/react-native-adapter/ios`)"
  - UMSensorsInterface (from `../node_modules/unimodules-sensors-interface/ios`)
  - UMTaskManagerInterface (from `../node_modules/unimodules-task-manager-interface/ios`)
  - Yoga (from `../node_modules/react-native/ReactCommon/yoga`)

SPEC REPOS:
  trunk:
    - boost-for-react-native
    - CocoaAsyncSocket
    - CocoaLibEvent
    - Flipper
    - Flipper-DoubleConversion
    - Flipper-Folly
    - Flipper-Glog
    - Flipper-PeerTalk
    - Flipper-RSocket
    - FlipperKit
    - OpenSSL-Universal
    - YogaKit

EXTERNAL SOURCES:
  BVLinearGradient:
    :path: "../node_modules/react-native-linear-gradient"
  DoubleConversion:
    :podspec: "../node_modules/react-native/third-party-podspecs/DoubleConversion.podspec"
  EXConstants:
    :path: "../node_modules/expo-constants/ios"
  EXFileSystem:
    :path: "../node_modules/expo-file-system/ios"
  EXGL:
    :path: "../node_modules/expo-gl/ios"
  EXGL_CPP:
    :path: "../node_modules/expo-gl-cpp/cpp"
  EXImageLoader:
    :path: "../node_modules/expo-image-loader/ios"
  EXPermissions:
    :path: "../node_modules/expo-permissions/ios"
  FBLazyVector:
    :path: "../node_modules/react-native/Libraries/FBLazyVector"
  FBReactNativeSpec:
    :path: "../node_modules/react-native/Libraries/FBReactNativeSpec"
  Folly:
    :podspec: "../node_modules/react-native/third-party-podspecs/Folly.podspec"
  glog:
    :podspec: "../node_modules/react-native/third-party-podspecs/glog.podspec"
  RCTRequired:
    :path: "../node_modules/react-native/Libraries/RCTRequired"
  RCTTypeSafety:
    :path: "../node_modules/react-native/Libraries/TypeSafety"
  React:
    :path: "../node_modules/react-native/"
  React-callinvoker:
    :path: "../node_modules/react-native/ReactCommon/callinvoker"
  React-Core:
    :path: "../node_modules/react-native/"
  React-CoreModules:
    :path: "../node_modules/react-native/React/CoreModules"
  React-cxxreact:
    :path: "../node_modules/react-native/ReactCommon/cxxreact"
  React-jsi:
    :path: "../node_modules/react-native/ReactCommon/jsi"
  React-jsiexecutor:
    :path: "../node_modules/react-native/ReactCommon/jsiexecutor"
  React-jsinspector:
    :path: "../node_modules/react-native/ReactCommon/jsinspector"
  react-native-safe-area-context:
    :path: "../node_modules/react-native-safe-area-context"
  react-native-video:
    :path: "../node_modules/react-native-video"
  React-RCTActionSheet:
    :path: "../node_modules/react-native/Libraries/ActionSheetIOS"
  React-RCTAnimation:
    :path: "../node_modules/react-native/Libraries/NativeAnimation"
  React-RCTBlob:
    :path: "../node_modules/react-native/Libraries/Blob"
  React-RCTImage:
    :path: "../node_modules/react-native/Libraries/Image"
  React-RCTLinking:
    :path: "../node_modules/react-native/Libraries/LinkingIOS"
  React-RCTNetwork:
    :path: "../node_modules/react-native/Libraries/Network"
  React-RCTSettings:
    :path: "../node_modules/react-native/Libraries/Settings"
  React-RCTText:
    :path: "../node_modules/react-native/Libraries/Text"
  React-RCTVibration:
    :path: "../node_modules/react-native/Libraries/Vibration"
  ReactCommon:
    :path: "../node_modules/react-native/ReactCommon"
  RNCMaskedView:
    :path: "../node_modules/@react-native-community/masked-view"
  RNDeviceInfo:
    :path: "../node_modules/react-native-device-info"
  RNGestureHandler:
    :path: "../node_modules/react-native-gesture-handler"
  RNReanimated:
    :path: "../node_modules/react-native-reanimated"
  RNScreens:
    :path: "../node_modules/react-native-screens"
  RNSharedElement:
    :path: "../node_modules/react-native-shared-element"
  RNSVG:
    :path: "../node_modules/react-native-svg"
  UMAppLoader:
    :path: "../node_modules/unimodules-app-loader/ios"
  UMBarCodeScannerInterface:
    :path: "../node_modules/unimodules-barcode-scanner-interface/ios"
  UMCameraInterface:
    :path: "../node_modules/unimodules-camera-interface/ios"
  UMConstantsInterface:
    :path: "../node_modules/unimodules-constants-interface/ios"
  UMCore:
    :path: "../node_modules/@unimodules/core/ios"
  UMFaceDetectorInterface:
    :path: "../node_modules/unimodules-face-detector-interface/ios"
  UMFileSystemInterface:
    :path: "../node_modules/unimodules-file-system-interface/ios"
  UMFontInterface:
    :path: "../node_modules/unimodules-font-interface/ios"
  UMImageLoaderInterface:
    :path: "../node_modules/unimodules-image-loader-interface/ios"
  UMPermissionsInterface:
    :path: "../node_modules/unimodules-permissions-interface/ios"
  UMReactNativeAdapter:
    :path: "../node_modules/@unimodules/react-native-adapter/ios"
  UMSensorsInterface:
    :path: "../node_modules/unimodules-sensors-interface/ios"
  UMTaskManagerInterface:
    :path: "../node_modules/unimodules-task-manager-interface/ios"
  Yoga:
    :path: "../node_modules/react-native/ReactCommon/yoga"

SPEC CHECKSUMS:
  boost-for-react-native: 39c7adb57c4e60d6c5479dd8623128eb5b3f0f2c
  BVLinearGradient: e3aad03778a456d77928f594a649e96995f1c872
  CocoaAsyncSocket: 694058e7c0ed05a9e217d1b3c7ded962f4180845
  CocoaLibEvent: 2fab71b8bd46dd33ddb959f7928ec5909f838e3f
  DoubleConversion: cde416483dac037923206447da6e1454df403714
  EXConstants: 54d0bf04319d1692c6c7bc03ca151ef7a71705a4
  EXFileSystem: 0e4974ab77bff04cda68d2886d070cbe64b93a6b
  EXGL: 5ab2299d0bae290b81ca24fc70e8f1697affbef5
  EXGL_CPP: 03b30fb5012eee6f4231b6667d97256716e7e13b
  EXImageLoader: f96ec9992733a4224418bbd9382e5485c8948944
  EXPermissions: 17d4846ad1880f6891c74ae58ca1acb43e47ed47
  FBLazyVector: a50434c875bd42f2b1c99c712bda892a1dc659c7
  FBReactNativeSpec: 393853a536428e05a9da00b6290042f09809b15b
  Flipper: 33585e2d9810fe5528346be33bcf71b37bb7ae13
  Flipper-DoubleConversion: 38631e41ef4f9b12861c67d17cb5518d06badc41
  Flipper-Folly: c12092ea368353b58e992843a990a3225d4533c3
  Flipper-Glog: 1dfd6abf1e922806c52ceb8701a3599a79a200a6
  Flipper-PeerTalk: 116d8f857dc6ef55c7a5a75ea3ceaafe878aadc9
  Flipper-RSocket: 64e7431a55835eb953b0bf984ef3b90ae9fdddd7
  FlipperKit: bc68102cd4952a258a23c9c1b316c7bec1fecf83
  Folly: b73c3869541e86821df3c387eb0af5f65addfab4
  glog: 40a13f7840415b9a77023fbcae0f1e6f43192af3
  OpenSSL-Universal: 8b48cc0d10c1b2923617dfe5c178aa9ed2689355
  RCTRequired: d9b1a9e6fa097744ca3ede59f86a35096df7202b
  RCTTypeSafety: c227cd061983e9e964115afbc4e8730d6a6f1395
  React: 86e972a20967ee4137aa19dc48319405927c2e94
  React-callinvoker: 87ee376c25277d74e164ff036b27084e343f3e69
  React-Core: f5ec03baf7ed58d9f3ee04a8f84e4c97ee8bf4c9
  React-CoreModules: 958898aa8c069280e866e35a2f29480a81fcf335
  React-cxxreact: 90de76b9b51575668ad7fd4e33a5a8c143beecc2
  React-jsi: b32a31da32e030f30bbf9a8d3a9c8325df9e793f
  React-jsiexecutor: 7ab9cdcdd18d57652fb041f8a147fe9658d4e00a
  React-jsinspector: 2e28bb487e42dda6c94dbfa0c648d1343767a0fb
  react-native-safe-area-context: b6e0e284002381d2ff29fa4fff42b4d8282e3c94
  react-native-video: dbb8df4f0bbdf80de6797c90fcad8bc12b19401d
  React-RCTActionSheet: 1702a1a85e550b5c36e2e03cb2bd3adea053de95
  React-RCTAnimation: ddda576010a878865a4eab83a78acd92176ef6a1
  React-RCTBlob: 34334384284c81577409d5205bd2b9ff594d8ab6
  React-RCTImage: e2a661266dca295cffb33909cc64675a2efedb26
  React-RCTLinking: cd39b9b5e9cbb9e827854e30dfa92d7db074cea8
  React-RCTNetwork: 16939b7e4058d6f662b304a1f61689e249a2bfcc
  React-RCTSettings: 24726a62de0c326f9ebfc3838898a501b87ce711
  React-RCTText: 4f95d322b7e6da72817284abf8a2cdcec18b9cd8
  React-RCTVibration: f3a9123c244f35c40d3c9f3ec3f0b9e5717bb292
  ReactCommon: 2905859f84a94a381bb0d8dd3921ccb1a0047cb8
  RNCMaskedView: 5a8ec07677aa885546a0d98da336457e2bea557f
  RNDeviceInfo: 6ecb1d1c87d20e4c62354be0348de23362824dcd
  RNGestureHandler: 8f09cd560f8d533eb36da5a6c5a843af9f056b38
  RNReanimated: b9c929bfff7dedc9c89ab1875f1c6151023358d9
  RNScreens: 2ad555d4d9fa10b91bb765ca07fe9b29d59573f0
  RNSharedElement: 00b1a1420d213a34459bb9a5aacabb38107d7948
  RNSVG: ce9d996113475209013317e48b05c21ee988d42e
  UMAppLoader: 92d044af52626af3d81a69796ad666fc7a9a7d78
  UMBarCodeScannerInterface: 3f6c1b09ef4b867ce752b8c0b3893bcf9cd85f32
  UMCameraInterface: d516032121192fee9a6c93bdfff0bb2cc7282796
  UMConstantsInterface: 6825ea3832d26ed392ca6eff2df84edd69968fd0
  UMCore: 97ba5041c9c92317ce61739f6d126a692c8ef4a8
  UMFaceDetectorInterface: 60b36b07faa539205efce30b20c192e058b31c23
  UMFileSystemInterface: ab01294ce58a3c773aefb4a5b131ce589c199559
  UMFontInterface: 85fe1b845fb7caab45e04d9ce47e1677a5ce90a5
  UMImageLoaderInterface: 18f37df089b7e6d301e3acac025a8264d26b66d6
  UMPermissionsInterface: 807e5733b4c6607f35757b1dd128f370718d2f94
  UMReactNativeAdapter: 172def7895b2cb44a7dd021336e316d5fa8ea958
  UMSensorsInterface: 4df9ec662134de5614ae61acc249d6912db87ca5
  UMTaskManagerInterface: 4c60b43eaf3cb05a164bc9113258a171c18b7bf7
  Yoga: d5bd05a2b6b94c52323745c2c2b64557c8c66f64
  YogaKit: f782866e155069a2cca2517aafea43200b01fd5a

PODFILE CHECKSUM: befac8e92e57fe1390f012ecc3b8e4c1573ce16f

COCOAPODS: 1.9.3
