// !$*UTF8*$!
{
	archiveVersion = 1;
	classes = {
	};
	objectVersion = 46;
	objects = {

/* Begin PBXBuildFile section */
		00E356F31AD99517003FC87E /* Reanimated2PlaygroundTests.m in Sources */ = {isa = PBXBuildFile; fileRef = 00E356F21AD99517003FC87E /* Reanimated2PlaygroundTests.m */; };
		0532E82BD65D41F6B5808E9F /* Radomir Tinkov - RidleyGrotesk-LightItalic.otf in Resources */ = {isa = PBXBuildFile; fileRef = 99956B73D3BD4BFFAFB7318A /* Radomir Tinkov - RidleyGrotesk-LightItalic.otf */; };
		1005075C626D44AB8572AE8A /* Radomir Tinkov - RidleyGrotesk-UltraLight.otf in Resources */ = {isa = PBXBuildFile; fileRef = BDB02F4B3DA64205A2054CC2 /* Radomir Tinkov - RidleyGrotesk-UltraLight.otf */; };
		13B07FBC1A68108700A75B9A /* AppDelegate.m in Sources */ = {isa = PBXBuildFile; fileRef = 13B07FB01A68108700A75B9A /* AppDelegate.m */; };
		13B07FBF1A68108700A75B9A /* Images.xcassets in Resources */ = {isa = PBXBuildFile; fileRef = 13B07FB51A68108700A75B9A /* Images.xcassets */; };
		13B07FC11A68108700A75B9A /* main.m in Sources */ = {isa = PBXBuildFile; fileRef = 13B07FB71A68108700A75B9A /* main.m */; };
		1546952077E642ABB21A698A /* Radomir Tinkov - RidleyGrotesk-Regular.otf in Resources */ = {isa = PBXBuildFile; fileRef = 5D0FD28955AF48398C206571 /* Radomir Tinkov - RidleyGrotesk-Regular.otf */; };
		24360734B3334E25BA5E6BAE /* Radomir Tinkov - RidleyGrotesk-Medium.otf in Resources */ = {isa = PBXBuildFile; fileRef = 1B1467137C554422919553D3 /* Radomir Tinkov - RidleyGrotesk-Medium.otf */; };
		2B40B38AF8B08FE2894BCF02 /* libPods-Reanimated2Playground-Reanimated2PlaygroundTests.a in Frameworks */ = {isa = PBXBuildFile; fileRef = A1CA032E9ED78A6C2499E26D /* libPods-Reanimated2Playground-Reanimated2PlaygroundTests.a */; };
		2B7BD1188DE149CFBC57E64E /* Radomir Tinkov - RidleyGrotesk-ExtraBoldItalic.otf in Resources */ = {isa = PBXBuildFile; fileRef = A023A5C790AD464A802C6E7C /* Radomir Tinkov - RidleyGrotesk-ExtraBoldItalic.otf */; };
		2D02E4BC1E0B4A80006451C7 /* AppDelegate.m in Sources */ = {isa = PBXBuildFile; fileRef = 13B07FB01A68108700A75B9A /* AppDelegate.m */; };
		2D02E4BD1E0B4A84006451C7 /* Images.xcassets in Resources */ = {isa = PBXBuildFile; fileRef = 13B07FB51A68108700A75B9A /* Images.xcassets */; };
		2D02E4BF1E0B4AB3006451C7 /* main.m in Sources */ = {isa = PBXBuildFile; fileRef = 13B07FB71A68108700A75B9A /* main.m */; };
		2DCD954D1E0B4F2C00145EB5 /* Reanimated2PlaygroundTests.m in Sources */ = {isa = PBXBuildFile; fileRef = 00E356F21AD99517003FC87E /* Reanimated2PlaygroundTests.m */; };
		478D4158B0FF423C8301B581 /* Radomir Tinkov - RidleyGrotesk-Italic.otf in Resources */ = {isa = PBXBuildFile; fileRef = 176233C69740451C8BB01CDF /* Radomir Tinkov - RidleyGrotesk-Italic.otf */; };
		61A3DAC78DDE46FF82B5CD8A /* Radomir Tinkov - RidleyGrotesk-Bold.otf in Resources */ = {isa = PBXBuildFile; fileRef = 211FA39063824D5C9F56986D /* Radomir Tinkov - RidleyGrotesk-Bold.otf */; };
		7D8AF6E99E6B8FF18EEE2C2F /* libPods-Reanimated2Playground.a in Frameworks */ = {isa = PBXBuildFile; fileRef = D502522AED299D7EF9B635BC /* libPods-Reanimated2Playground.a */; };
		7E688F341F2F6540E43A9C29 /* libPods-Reanimated2Playground-tvOSTests.a in Frameworks */ = {isa = PBXBuildFile; fileRef = 7CDFCDBD66BA9BCB4E22490E /* libPods-Reanimated2Playground-tvOSTests.a */; };
		81AB9BB82411601600AC10FF /* LaunchScreen.storyboard in Resources */ = {isa = PBXBuildFile; fileRef = 81AB9BB72411601600AC10FF /* LaunchScreen.storyboard */; };
		8FCFA1980FF64983A49212DC /* Radomir Tinkov - RidleyGrotesk-BoldItalic.otf in Resources */ = {isa = PBXBuildFile; fileRef = 0CD4E315BCC54AA891E0F878 /* Radomir Tinkov - RidleyGrotesk-BoldItalic.otf */; };
		9EFD245A6F2D41DEB3682AC4 /* Radomir Tinkov - RidleyGrotesk-SemiBoldItalic.otf in Resources */ = {isa = PBXBuildFile; fileRef = E814E229E8CF470588C54F02 /* Radomir Tinkov - RidleyGrotesk-SemiBoldItalic.otf */; };
		B29FE4587FB04D49A69527A8 /* Radomir Tinkov - RidleyGrotesk-ExtraBold.otf in Resources */ = {isa = PBXBuildFile; fileRef = 994F219D8EA344929FE7537B /* Radomir Tinkov - RidleyGrotesk-ExtraBold.otf */; };
		B6B45FDA49674A6894AC56AC /* Radomir Tinkov - RidleyGrotesk-SemiBold.otf in Resources */ = {isa = PBXBuildFile; fileRef = 4B0DD5283FB74E768EADB871 /* Radomir Tinkov - RidleyGrotesk-SemiBold.otf */; };
		C8AAB08A19274131B8ABE2AF /* Radomir Tinkov - RidleyGrotesk-UltraLightItalic.otf in Resources */ = {isa = PBXBuildFile; fileRef = E461D9D8E70B4BCC9F4CAF91 /* Radomir Tinkov - RidleyGrotesk-UltraLightItalic.otf */; };
		E7EE2C796DA6425CA8FB56ED /* Radomir Tinkov - RidleyGrotesk-Black.otf in Resources */ = {isa = PBXBuildFile; fileRef = 315CBDF7FE78471CB251F49E /* Radomir Tinkov - RidleyGrotesk-Black.otf */; };
		E8AA458494714F458B14838F /* Radomir Tinkov - RidleyGrotesk-MediumItalic.otf in Resources */ = {isa = PBXBuildFile; fileRef = 45F148C113D6483BBA3A9C43 /* Radomir Tinkov - RidleyGrotesk-MediumItalic.otf */; };
		E90F459EABEB43FCA7EC3AA8 /* Radomir Tinkov - RidleyGrotesk-Light.otf in Resources */ = {isa = PBXBuildFile; fileRef = B42E2B67B2A24B9BAA6A393B /* Radomir Tinkov - RidleyGrotesk-Light.otf */; };
		EE6363B3746B4B3DB1CC801F /* Radomir Tinkov - RidleyGrotesk-BlackItalic.otf in Resources */ = {isa = PBXBuildFile; fileRef = 1CF36EDAE4964B539B84D04C /* Radomir Tinkov - RidleyGrotesk-BlackItalic.otf */; };
		FA062CE0B8B74D3D8024A9C4 /* Radomir Tinkov - RidleyGrotesk-ThinItalic.otf in Resources */ = {isa = PBXBuildFile; fileRef = 4339C1A53F1E4C5CA7939F86 /* Radomir Tinkov - RidleyGrotesk-ThinItalic.otf */; };
		FCEE86E61D95342CC3D0D772 /* libPods-Reanimated2Playground-tvOS.a in Frameworks */ = {isa = PBXBuildFile; fileRef = D8D6010D29654194C88FD90B /* libPods-Reanimated2Playground-tvOS.a */; };
		FD6C2854C2774D2A92D8E190 /* Radomir Tinkov - RidleyGrotesk-Thin.otf in Resources */ = {isa = PBXBuildFile; fileRef = 8CFA6AB725DD4817A1D14482 /* Radomir Tinkov - RidleyGrotesk-Thin.otf */; };
		3454CA295190421A9B0DBDD3 /* Montserrat-Black.ttf in Resources */ = {isa = PBXBuildFile; fileRef = 3BA06A74984C45109FB1BEFC /* Montserrat-Black.ttf */; };
		678545A3AD8D4CE99E313809 /* Montserrat-BlackItalic.ttf in Resources */ = {isa = PBXBuildFile; fileRef = AA9C6A0CB66D4CB9A435F98F /* Montserrat-BlackItalic.ttf */; };
		C3978011D076404988EC3DC2 /* Montserrat-Bold.ttf in Resources */ = {isa = PBXBuildFile; fileRef = 037AFC3E9502451683A88F80 /* Montserrat-Bold.ttf */; };
		23B29DCCBFC2432DB6BB9DE7 /* Montserrat-BoldItalic.ttf in Resources */ = {isa = PBXBuildFile; fileRef = E21BE8E5CF0049FBB0C96CB5 /* Montserrat-BoldItalic.ttf */; };
		31D631C78FDE4572A0E1ED0F /* Montserrat-ExtraBold.ttf in Resources */ = {isa = PBXBuildFile; fileRef = 97FC1E092E14481698205A2E /* Montserrat-ExtraBold.ttf */; };
		71F78556853048F190E19554 /* Montserrat-ExtraBoldItalic.ttf in Resources */ = {isa = PBXBuildFile; fileRef = 04DFC712338C4E85A88E900F /* Montserrat-ExtraBoldItalic.ttf */; };
		DE8BC61663A84E008F020759 /* Montserrat-ExtraLight.ttf in Resources */ = {isa = PBXBuildFile; fileRef = 4CE18DABA36F43DC8F2F17E3 /* Montserrat-ExtraLight.ttf */; };
		C5EDC0E7D0D9459694EFF6CF /* Montserrat-ExtraLightItalic.ttf in Resources */ = {isa = PBXBuildFile; fileRef = BACD5906B0D0486DAFBAD9BD /* Montserrat-ExtraLightItalic.ttf */; };
		7D1AC2D9FBB1490EB880133D /* Montserrat-Italic.ttf in Resources */ = {isa = PBXBuildFile; fileRef = 0929AD57FC4F43219FF9813A /* Montserrat-Italic.ttf */; };
		33A4560D10FB4FE7A85748AD /* Montserrat-Light.ttf in Resources */ = {isa = PBXBuildFile; fileRef = 03BD0C62A25F453897D0036B /* Montserrat-Light.ttf */; };
		209FDBB449F142E896E373A0 /* Montserrat-LightItalic.ttf in Resources */ = {isa = PBXBuildFile; fileRef = A030FB08AB9F492CBC312401 /* Montserrat-LightItalic.ttf */; };
		E735BABDF22D4E45A38A9830 /* Montserrat-Medium.ttf in Resources */ = {isa = PBXBuildFile; fileRef = AEA88BE2E4064935903B51DE /* Montserrat-Medium.ttf */; };
		0B33437FA49A4C089ADDB150 /* Montserrat-MediumItalic.ttf in Resources */ = {isa = PBXBuildFile; fileRef = B9B41B3D1C0549DFAEC6B53F /* Montserrat-MediumItalic.ttf */; };
		3128BDC8BD664CAB8EC10968 /* Montserrat-Regular.ttf in Resources */ = {isa = PBXBuildFile; fileRef = C09E4D40C6E143978150B9CC /* Montserrat-Regular.ttf */; };
		0A7C200AB88E4D0B8EBFDF06 /* Montserrat-SemiBold.ttf in Resources */ = {isa = PBXBuildFile; fileRef = EEE4EADF283F4B80B1A0A04C /* Montserrat-SemiBold.ttf */; };
		D99C9BF3DDC54967B1BEA620 /* Montserrat-SemiBoldItalic.ttf in Resources */ = {isa = PBXBuildFile; fileRef = 63A891D89E294D6ABE579B99 /* Montserrat-SemiBoldItalic.ttf */; };
		0FC8082A78AB423E98852405 /* Montserrat-Thin.ttf in Resources */ = {isa = PBXBuildFile; fileRef = B7798069547D4DA9907077D9 /* Montserrat-Thin.ttf */; };
		9C9C538028C44C728DFE4161 /* Montserrat-ThinItalic.ttf in Resources */ = {isa = PBXBuildFile; fileRef = 371B398B30ED4969A08AF361 /* Montserrat-ThinItalic.ttf */; };
/* End PBXBuildFile section */

/* Begin PBXContainerItemProxy section */
		00E356F41AD99517003FC87E /* PBXContainerItemProxy */ = {
			isa = PBXContainerItemProxy;
			containerPortal = 83CBB9F71A601CBA00E9B192 /* Project object */;
			proxyType = 1;
			remoteGlobalIDString = 13B07F861A680F5B00A75B9A;
			remoteInfo = Reanimated2Playground;
		};
		2D02E4911E0B4A5D006451C7 /* PBXContainerItemProxy */ = {
			isa = PBXContainerItemProxy;
			containerPortal = 83CBB9F71A601CBA00E9B192 /* Project object */;
			proxyType = 1;
			remoteGlobalIDString = 2D02E47A1E0B4A5D006451C7;
			remoteInfo = "Reanimated2Playground-tvOS";
		};
/* End PBXContainerItemProxy section */

/* Begin PBXFileReference section */
		008F07F21AC5B25A0029DE68 /* main.jsbundle */ = {isa = PBXFileReference; fileEncoding = 4; lastKnownFileType = text; path = main.jsbundle; sourceTree = "<group>"; };
		00E356EE1AD99517003FC87E /* Reanimated2PlaygroundTests.xctest */ = {isa = PBXFileReference; explicitFileType = wrapper.cfbundle; includeInIndex = 0; path = Reanimated2PlaygroundTests.xctest; sourceTree = BUILT_PRODUCTS_DIR; };
		00E356F11AD99517003FC87E /* Info.plist */ = {isa = PBXFileReference; lastKnownFileType = text.plist.xml; path = Info.plist; sourceTree = "<group>"; };
		00E356F21AD99517003FC87E /* Reanimated2PlaygroundTests.m */ = {isa = PBXFileReference; lastKnownFileType = sourcecode.c.objc; path = Reanimated2PlaygroundTests.m; sourceTree = "<group>"; };
		0CD4E315BCC54AA891E0F878 /* Radomir Tinkov - RidleyGrotesk-BoldItalic.otf */ = {isa = PBXFileReference; explicitFileType = undefined; fileEncoding = 9; includeInIndex = 0; lastKnownFileType = unknown; name = "Radomir Tinkov - RidleyGrotesk-BoldItalic.otf"; path = "../src/assets/fonts/Radomir Tinkov - RidleyGrotesk-BoldItalic.otf"; sourceTree = "<group>"; };
		13B07F961A680F5B00A75B9A /* Reanimated2Playground.app */ = {isa = PBXFileReference; explicitFileType = wrapper.application; includeInIndex = 0; path = Reanimated2Playground.app; sourceTree = BUILT_PRODUCTS_DIR; };
		13B07FAF1A68108700A75B9A /* AppDelegate.h */ = {isa = PBXFileReference; fileEncoding = 4; lastKnownFileType = sourcecode.c.h; name = AppDelegate.h; path = Reanimated2Playground/AppDelegate.h; sourceTree = "<group>"; };
		13B07FB01A68108700A75B9A /* AppDelegate.m */ = {isa = PBXFileReference; fileEncoding = 4; lastKnownFileType = sourcecode.c.objc; name = AppDelegate.m; path = Reanimated2Playground/AppDelegate.m; sourceTree = "<group>"; };
		13B07FB51A68108700A75B9A /* Images.xcassets */ = {isa = PBXFileReference; lastKnownFileType = folder.assetcatalog; name = Images.xcassets; path = Reanimated2Playground/Images.xcassets; sourceTree = "<group>"; };
		13B07FB61A68108700A75B9A /* Info.plist */ = {isa = PBXFileReference; fileEncoding = 4; lastKnownFileType = text.plist.xml; name = Info.plist; path = Reanimated2Playground/Info.plist; sourceTree = "<group>"; };
		13B07FB71A68108700A75B9A /* main.m */ = {isa = PBXFileReference; fileEncoding = 4; lastKnownFileType = sourcecode.c.objc; name = main.m; path = Reanimated2Playground/main.m; sourceTree = "<group>"; };
		164007039BA0E9F1A09613B9 /* Pods-Reanimated2Playground-tvOSTests.debug.xcconfig */ = {isa = PBXFileReference; includeInIndex = 1; lastKnownFileType = text.xcconfig; name = "Pods-Reanimated2Playground-tvOSTests.debug.xcconfig"; path = "Target Support Files/Pods-Reanimated2Playground-tvOSTests/Pods-Reanimated2Playground-tvOSTests.debug.xcconfig"; sourceTree = "<group>"; };
		176233C69740451C8BB01CDF /* Radomir Tinkov - RidleyGrotesk-Italic.otf */ = {isa = PBXFileReference; explicitFileType = undefined; fileEncoding = 9; includeInIndex = 0; lastKnownFileType = unknown; name = "Radomir Tinkov - RidleyGrotesk-Italic.otf"; path = "../src/assets/fonts/Radomir Tinkov - RidleyGrotesk-Italic.otf"; sourceTree = "<group>"; };
		1B1467137C554422919553D3 /* Radomir Tinkov - RidleyGrotesk-Medium.otf */ = {isa = PBXFileReference; explicitFileType = undefined; fileEncoding = 9; includeInIndex = 0; lastKnownFileType = unknown; name = "Radomir Tinkov - RidleyGrotesk-Medium.otf"; path = "../src/assets/fonts/Radomir Tinkov - RidleyGrotesk-Medium.otf"; sourceTree = "<group>"; };
		1CF36EDAE4964B539B84D04C /* Radomir Tinkov - RidleyGrotesk-BlackItalic.otf */ = {isa = PBXFileReference; explicitFileType = undefined; fileEncoding = 9; includeInIndex = 0; lastKnownFileType = unknown; name = "Radomir Tinkov - RidleyGrotesk-BlackItalic.otf"; path = "../src/assets/fonts/Radomir Tinkov - RidleyGrotesk-BlackItalic.otf"; sourceTree = "<group>"; };
		211FA39063824D5C9F56986D /* Radomir Tinkov - RidleyGrotesk-Bold.otf */ = {isa = PBXFileReference; explicitFileType = undefined; fileEncoding = 9; includeInIndex = 0; lastKnownFileType = unknown; name = "Radomir Tinkov - RidleyGrotesk-Bold.otf"; path = "../src/assets/fonts/Radomir Tinkov - RidleyGrotesk-Bold.otf"; sourceTree = "<group>"; };
		2D02E47B1E0B4A5D006451C7 /* Reanimated2Playground-tvOS.app */ = {isa = PBXFileReference; explicitFileType = wrapper.application; includeInIndex = 0; path = "Reanimated2Playground-tvOS.app"; sourceTree = BUILT_PRODUCTS_DIR; };
		2D02E4901E0B4A5D006451C7 /* Reanimated2Playground-tvOSTests.xctest */ = {isa = PBXFileReference; explicitFileType = wrapper.cfbundle; includeInIndex = 0; path = "Reanimated2Playground-tvOSTests.xctest"; sourceTree = BUILT_PRODUCTS_DIR; };
		315CBDF7FE78471CB251F49E /* Radomir Tinkov - RidleyGrotesk-Black.otf */ = {isa = PBXFileReference; explicitFileType = undefined; fileEncoding = 9; includeInIndex = 0; lastKnownFileType = unknown; name = "Radomir Tinkov - RidleyGrotesk-Black.otf"; path = "../src/assets/fonts/Radomir Tinkov - RidleyGrotesk-Black.otf"; sourceTree = "<group>"; };
		39F535BFEB2A6C4611659D91 /* Pods-Reanimated2Playground-tvOS.release.xcconfig */ = {isa = PBXFileReference; includeInIndex = 1; lastKnownFileType = text.xcconfig; name = "Pods-Reanimated2Playground-tvOS.release.xcconfig"; path = "Target Support Files/Pods-Reanimated2Playground-tvOS/Pods-Reanimated2Playground-tvOS.release.xcconfig"; sourceTree = "<group>"; };
		4339C1A53F1E4C5CA7939F86 /* Radomir Tinkov - RidleyGrotesk-ThinItalic.otf */ = {isa = PBXFileReference; explicitFileType = undefined; fileEncoding = 9; includeInIndex = 0; lastKnownFileType = unknown; name = "Radomir Tinkov - RidleyGrotesk-ThinItalic.otf"; path = "../src/assets/fonts/Radomir Tinkov - RidleyGrotesk-ThinItalic.otf"; sourceTree = "<group>"; };
		45F148C113D6483BBA3A9C43 /* Radomir Tinkov - RidleyGrotesk-MediumItalic.otf */ = {isa = PBXFileReference; explicitFileType = undefined; fileEncoding = 9; includeInIndex = 0; lastKnownFileType = unknown; name = "Radomir Tinkov - RidleyGrotesk-MediumItalic.otf"; path = "../src/assets/fonts/Radomir Tinkov - RidleyGrotesk-MediumItalic.otf"; sourceTree = "<group>"; };
		4B0DD5283FB74E768EADB871 /* Radomir Tinkov - RidleyGrotesk-SemiBold.otf */ = {isa = PBXFileReference; explicitFileType = undefined; fileEncoding = 9; includeInIndex = 0; lastKnownFileType = unknown; name = "Radomir Tinkov - RidleyGrotesk-SemiBold.otf"; path = "../src/assets/fonts/Radomir Tinkov - RidleyGrotesk-SemiBold.otf"; sourceTree = "<group>"; };
		5D0FD28955AF48398C206571 /* Radomir Tinkov - RidleyGrotesk-Regular.otf */ = {isa = PBXFileReference; explicitFileType = undefined; fileEncoding = 9; includeInIndex = 0; lastKnownFileType = unknown; name = "Radomir Tinkov - RidleyGrotesk-Regular.otf"; path = "../src/assets/fonts/Radomir Tinkov - RidleyGrotesk-Regular.otf"; sourceTree = "<group>"; };
		60E7506B883983ECCCB40086 /* Pods-Reanimated2Playground.debug.xcconfig */ = {isa = PBXFileReference; includeInIndex = 1; lastKnownFileType = text.xcconfig; name = "Pods-Reanimated2Playground.debug.xcconfig"; path = "Target Support Files/Pods-Reanimated2Playground/Pods-Reanimated2Playground.debug.xcconfig"; sourceTree = "<group>"; };
		6D1E84DC006F367BB38A2BB4 /* Pods-Reanimated2Playground-Reanimated2PlaygroundTests.debug.xcconfig */ = {isa = PBXFileReference; includeInIndex = 1; lastKnownFileType = text.xcconfig; name = "Pods-Reanimated2Playground-Reanimated2PlaygroundTests.debug.xcconfig"; path = "Target Support Files/Pods-Reanimated2Playground-Reanimated2PlaygroundTests/Pods-Reanimated2Playground-Reanimated2PlaygroundTests.debug.xcconfig"; sourceTree = "<group>"; };
		7CDFCDBD66BA9BCB4E22490E /* libPods-Reanimated2Playground-tvOSTests.a */ = {isa = PBXFileReference; explicitFileType = archive.ar; includeInIndex = 0; path = "libPods-Reanimated2Playground-tvOSTests.a"; sourceTree = BUILT_PRODUCTS_DIR; };
		81AB9BB72411601600AC10FF /* LaunchScreen.storyboard */ = {isa = PBXFileReference; fileEncoding = 4; lastKnownFileType = file.storyboard; name = LaunchScreen.storyboard; path = Reanimated2Playground/LaunchScreen.storyboard; sourceTree = "<group>"; };
		82E207FDB13C19A8B30B3DAC /* Pods-Reanimated2Playground-Reanimated2PlaygroundTests.release.xcconfig */ = {isa = PBXFileReference; includeInIndex = 1; lastKnownFileType = text.xcconfig; name = "Pods-Reanimated2Playground-Reanimated2PlaygroundTests.release.xcconfig"; path = "Target Support Files/Pods-Reanimated2Playground-Reanimated2PlaygroundTests/Pods-Reanimated2Playground-Reanimated2PlaygroundTests.release.xcconfig"; sourceTree = "<group>"; };
		8CFA6AB725DD4817A1D14482 /* Radomir Tinkov - RidleyGrotesk-Thin.otf */ = {isa = PBXFileReference; explicitFileType = undefined; fileEncoding = 9; includeInIndex = 0; lastKnownFileType = unknown; name = "Radomir Tinkov - RidleyGrotesk-Thin.otf"; path = "../src/assets/fonts/Radomir Tinkov - RidleyGrotesk-Thin.otf"; sourceTree = "<group>"; };
		994F219D8EA344929FE7537B /* Radomir Tinkov - RidleyGrotesk-ExtraBold.otf */ = {isa = PBXFileReference; explicitFileType = undefined; fileEncoding = 9; includeInIndex = 0; lastKnownFileType = unknown; name = "Radomir Tinkov - RidleyGrotesk-ExtraBold.otf"; path = "../src/assets/fonts/Radomir Tinkov - RidleyGrotesk-ExtraBold.otf"; sourceTree = "<group>"; };
		99956B73D3BD4BFFAFB7318A /* Radomir Tinkov - RidleyGrotesk-LightItalic.otf */ = {isa = PBXFileReference; explicitFileType = undefined; fileEncoding = 9; includeInIndex = 0; lastKnownFileType = unknown; name = "Radomir Tinkov - RidleyGrotesk-LightItalic.otf"; path = "../src/assets/fonts/Radomir Tinkov - RidleyGrotesk-LightItalic.otf"; sourceTree = "<group>"; };
		9FDC1EF3E91C982BA2EBE79A /* Pods-Reanimated2Playground-tvOSTests.release.xcconfig */ = {isa = PBXFileReference; includeInIndex = 1; lastKnownFileType = text.xcconfig; name = "Pods-Reanimated2Playground-tvOSTests.release.xcconfig"; path = "Target Support Files/Pods-Reanimated2Playground-tvOSTests/Pods-Reanimated2Playground-tvOSTests.release.xcconfig"; sourceTree = "<group>"; };
		A023A5C790AD464A802C6E7C /* Radomir Tinkov - RidleyGrotesk-ExtraBoldItalic.otf */ = {isa = PBXFileReference; explicitFileType = undefined; fileEncoding = 9; includeInIndex = 0; lastKnownFileType = unknown; name = "Radomir Tinkov - RidleyGrotesk-ExtraBoldItalic.otf"; path = "../src/assets/fonts/Radomir Tinkov - RidleyGrotesk-ExtraBoldItalic.otf"; sourceTree = "<group>"; };
		A1CA032E9ED78A6C2499E26D /* libPods-Reanimated2Playground-Reanimated2PlaygroundTests.a */ = {isa = PBXFileReference; explicitFileType = archive.ar; includeInIndex = 0; path = "libPods-Reanimated2Playground-Reanimated2PlaygroundTests.a"; sourceTree = BUILT_PRODUCTS_DIR; };
		B42E2B67B2A24B9BAA6A393B /* Radomir Tinkov - RidleyGrotesk-Light.otf */ = {isa = PBXFileReference; explicitFileType = undefined; fileEncoding = 9; includeInIndex = 0; lastKnownFileType = unknown; name = "Radomir Tinkov - RidleyGrotesk-Light.otf"; path = "../src/assets/fonts/Radomir Tinkov - RidleyGrotesk-Light.otf"; sourceTree = "<group>"; };
		B7A819DE64F7314A5BB425B8 /* Pods-Reanimated2Playground.release.xcconfig */ = {isa = PBXFileReference; includeInIndex = 1; lastKnownFileType = text.xcconfig; name = "Pods-Reanimated2Playground.release.xcconfig"; path = "Target Support Files/Pods-Reanimated2Playground/Pods-Reanimated2Playground.release.xcconfig"; sourceTree = "<group>"; };
		BDB02F4B3DA64205A2054CC2 /* Radomir Tinkov - RidleyGrotesk-UltraLight.otf */ = {isa = PBXFileReference; explicitFileType = undefined; fileEncoding = 9; includeInIndex = 0; lastKnownFileType = unknown; name = "Radomir Tinkov - RidleyGrotesk-UltraLight.otf"; path = "../src/assets/fonts/Radomir Tinkov - RidleyGrotesk-UltraLight.otf"; sourceTree = "<group>"; };
		C739C66B797F3569B7B891E4 /* Pods-Reanimated2Playground-tvOS.debug.xcconfig */ = {isa = PBXFileReference; includeInIndex = 1; lastKnownFileType = text.xcconfig; name = "Pods-Reanimated2Playground-tvOS.debug.xcconfig"; path = "Target Support Files/Pods-Reanimated2Playground-tvOS/Pods-Reanimated2Playground-tvOS.debug.xcconfig"; sourceTree = "<group>"; };
		D502522AED299D7EF9B635BC /* libPods-Reanimated2Playground.a */ = {isa = PBXFileReference; explicitFileType = archive.ar; includeInIndex = 0; path = "libPods-Reanimated2Playground.a"; sourceTree = BUILT_PRODUCTS_DIR; };
		D8D6010D29654194C88FD90B /* libPods-Reanimated2Playground-tvOS.a */ = {isa = PBXFileReference; explicitFileType = archive.ar; includeInIndex = 0; path = "libPods-Reanimated2Playground-tvOS.a"; sourceTree = BUILT_PRODUCTS_DIR; };
		E461D9D8E70B4BCC9F4CAF91 /* Radomir Tinkov - RidleyGrotesk-UltraLightItalic.otf */ = {isa = PBXFileReference; explicitFileType = undefined; fileEncoding = 9; includeInIndex = 0; lastKnownFileType = unknown; name = "Radomir Tinkov - RidleyGrotesk-UltraLightItalic.otf"; path = "../src/assets/fonts/Radomir Tinkov - RidleyGrotesk-UltraLightItalic.otf"; sourceTree = "<group>"; };
		E814E229E8CF470588C54F02 /* Radomir Tinkov - RidleyGrotesk-SemiBoldItalic.otf */ = {isa = PBXFileReference; explicitFileType = undefined; fileEncoding = 9; includeInIndex = 0; lastKnownFileType = unknown; name = "Radomir Tinkov - RidleyGrotesk-SemiBoldItalic.otf"; path = "../src/assets/fonts/Radomir Tinkov - RidleyGrotesk-SemiBoldItalic.otf"; sourceTree = "<group>"; };
		ED297162215061F000B7C4FE /* JavaScriptCore.framework */ = {isa = PBXFileReference; lastKnownFileType = wrapper.framework; name = JavaScriptCore.framework; path = System/Library/Frameworks/JavaScriptCore.framework; sourceTree = SDKROOT; };
		ED2971642150620600B7C4FE /* JavaScriptCore.framework */ = {isa = PBXFileReference; lastKnownFileType = wrapper.framework; name = JavaScriptCore.framework; path = Platforms/AppleTVOS.platform/Developer/SDKs/AppleTVOS12.0.sdk/System/Library/Frameworks/JavaScriptCore.framework; sourceTree = DEVELOPER_DIR; };
		3BA06A74984C45109FB1BEFC /* Montserrat-Black.ttf */ = {isa = PBXFileReference; name = "Montserrat-Black.ttf"; path = "../src/assets/fonts/Montserrat-Black.ttf"; sourceTree = "<group>"; fileEncoding = undefined; lastKnownFileType = unknown; explicitFileType = undefined; includeInIndex = 0; };
		AA9C6A0CB66D4CB9A435F98F /* Montserrat-BlackItalic.ttf */ = {isa = PBXFileReference; name = "Montserrat-BlackItalic.ttf"; path = "../src/assets/fonts/Montserrat-BlackItalic.ttf"; sourceTree = "<group>"; fileEncoding = undefined; lastKnownFileType = unknown; explicitFileType = undefined; includeInIndex = 0; };
		037AFC3E9502451683A88F80 /* Montserrat-Bold.ttf */ = {isa = PBXFileReference; name = "Montserrat-Bold.ttf"; path = "../src/assets/fonts/Montserrat-Bold.ttf"; sourceTree = "<group>"; fileEncoding = undefined; lastKnownFileType = unknown; explicitFileType = undefined; includeInIndex = 0; };
		E21BE8E5CF0049FBB0C96CB5 /* Montserrat-BoldItalic.ttf */ = {isa = PBXFileReference; name = "Montserrat-BoldItalic.ttf"; path = "../src/assets/fonts/Montserrat-BoldItalic.ttf"; sourceTree = "<group>"; fileEncoding = undefined; lastKnownFileType = unknown; explicitFileType = undefined; includeInIndex = 0; };
		97FC1E092E14481698205A2E /* Montserrat-ExtraBold.ttf */ = {isa = PBXFileReference; name = "Montserrat-ExtraBold.ttf"; path = "../src/assets/fonts/Montserrat-ExtraBold.ttf"; sourceTree = "<group>"; fileEncoding = undefined; lastKnownFileType = unknown; explicitFileType = undefined; includeInIndex = 0; };
		04DFC712338C4E85A88E900F /* Montserrat-ExtraBoldItalic.ttf */ = {isa = PBXFileReference; name = "Montserrat-ExtraBoldItalic.ttf"; path = "../src/assets/fonts/Montserrat-ExtraBoldItalic.ttf"; sourceTree = "<group>"; fileEncoding = undefined; lastKnownFileType = unknown; explicitFileType = undefined; includeInIndex = 0; };
		4CE18DABA36F43DC8F2F17E3 /* Montserrat-ExtraLight.ttf */ = {isa = PBXFileReference; name = "Montserrat-ExtraLight.ttf"; path = "../src/assets/fonts/Montserrat-ExtraLight.ttf"; sourceTree = "<group>"; fileEncoding = undefined; lastKnownFileType = unknown; explicitFileType = undefined; includeInIndex = 0; };
		BACD5906B0D0486DAFBAD9BD /* Montserrat-ExtraLightItalic.ttf */ = {isa = PBXFileReference; name = "Montserrat-ExtraLightItalic.ttf"; path = "../src/assets/fonts/Montserrat-ExtraLightItalic.ttf"; sourceTree = "<group>"; fileEncoding = undefined; lastKnownFileType = unknown; explicitFileType = undefined; includeInIndex = 0; };
		0929AD57FC4F43219FF9813A /* Montserrat-Italic.ttf */ = {isa = PBXFileReference; name = "Montserrat-Italic.ttf"; path = "../src/assets/fonts/Montserrat-Italic.ttf"; sourceTree = "<group>"; fileEncoding = undefined; lastKnownFileType = unknown; explicitFileType = undefined; includeInIndex = 0; };
		03BD0C62A25F453897D0036B /* Montserrat-Light.ttf */ = {isa = PBXFileReference; name = "Montserrat-Light.ttf"; path = "../src/assets/fonts/Montserrat-Light.ttf"; sourceTree = "<group>"; fileEncoding = undefined; lastKnownFileType = unknown; explicitFileType = undefined; includeInIndex = 0; };
		A030FB08AB9F492CBC312401 /* Montserrat-LightItalic.ttf */ = {isa = PBXFileReference; name = "Montserrat-LightItalic.ttf"; path = "../src/assets/fonts/Montserrat-LightItalic.ttf"; sourceTree = "<group>"; fileEncoding = undefined; lastKnownFileType = unknown; explicitFileType = undefined; includeInIndex = 0; };
		AEA88BE2E4064935903B51DE /* Montserrat-Medium.ttf */ = {isa = PBXFileReference; name = "Montserrat-Medium.ttf"; path = "../src/assets/fonts/Montserrat-Medium.ttf"; sourceTree = "<group>"; fileEncoding = undefined; lastKnownFileType = unknown; explicitFileType = undefined; includeInIndex = 0; };
		B9B41B3D1C0549DFAEC6B53F /* Montserrat-MediumItalic.ttf */ = {isa = PBXFileReference; name = "Montserrat-MediumItalic.ttf"; path = "../src/assets/fonts/Montserrat-MediumItalic.ttf"; sourceTree = "<group>"; fileEncoding = undefined; lastKnownFileType = unknown; explicitFileType = undefined; includeInIndex = 0; };
		C09E4D40C6E143978150B9CC /* Montserrat-Regular.ttf */ = {isa = PBXFileReference; name = "Montserrat-Regular.ttf"; path = "../src/assets/fonts/Montserrat-Regular.ttf"; sourceTree = "<group>"; fileEncoding = undefined; lastKnownFileType = unknown; explicitFileType = undefined; includeInIndex = 0; };
		EEE4EADF283F4B80B1A0A04C /* Montserrat-SemiBold.ttf */ = {isa = PBXFileReference; name = "Montserrat-SemiBold.ttf"; path = "../src/assets/fonts/Montserrat-SemiBold.ttf"; sourceTree = "<group>"; fileEncoding = undefined; lastKnownFileType = unknown; explicitFileType = undefined; includeInIndex = 0; };
		63A891D89E294D6ABE579B99 /* Montserrat-SemiBoldItalic.ttf */ = {isa = PBXFileReference; name = "Montserrat-SemiBoldItalic.ttf"; path = "../src/assets/fonts/Montserrat-SemiBoldItalic.ttf"; sourceTree = "<group>"; fileEncoding = undefined; lastKnownFileType = unknown; explicitFileType = undefined; includeInIndex = 0; };
		B7798069547D4DA9907077D9 /* Montserrat-Thin.ttf */ = {isa = PBXFileReference; name = "Montserrat-Thin.ttf"; path = "../src/assets/fonts/Montserrat-Thin.ttf"; sourceTree = "<group>"; fileEncoding = undefined; lastKnownFileType = unknown; explicitFileType = undefined; includeInIndex = 0; };
		371B398B30ED4969A08AF361 /* Montserrat-ThinItalic.ttf */ = {isa = PBXFileReference; name = "Montserrat-ThinItalic.ttf"; path = "../src/assets/fonts/Montserrat-ThinItalic.ttf"; sourceTree = "<group>"; fileEncoding = undefined; lastKnownFileType = unknown; explicitFileType = undefined; includeInIndex = 0; };
/* End PBXFileReference section */

/* Begin PBXFrameworksBuildPhase section */
		00E356EB1AD99517003FC87E /* Frameworks */ = {
			isa = PBXFrameworksBuildPhase;
			buildActionMask = 2147483647;
			files = (
				2B40B38AF8B08FE2894BCF02 /* libPods-Reanimated2Playground-Reanimated2PlaygroundTests.a in Frameworks */,
			);
			runOnlyForDeploymentPostprocessing = 0;
		};
		13B07F8C1A680F5B00A75B9A /* Frameworks */ = {
			isa = PBXFrameworksBuildPhase;
			buildActionMask = 2147483647;
			files = (
				7D8AF6E99E6B8FF18EEE2C2F /* libPods-Reanimated2Playground.a in Frameworks */,
			);
			runOnlyForDeploymentPostprocessing = 0;
		};
		2D02E4781E0B4A5D006451C7 /* Frameworks */ = {
			isa = PBXFrameworksBuildPhase;
			buildActionMask = 2147483647;
			files = (
				FCEE86E61D95342CC3D0D772 /* libPods-Reanimated2Playground-tvOS.a in Frameworks */,
			);
			runOnlyForDeploymentPostprocessing = 0;
		};
		2D02E48D1E0B4A5D006451C7 /* Frameworks */ = {
			isa = PBXFrameworksBuildPhase;
			buildActionMask = 2147483647;
			files = (
				7E688F341F2F6540E43A9C29 /* libPods-Reanimated2Playground-tvOSTests.a in Frameworks */,
			);
			runOnlyForDeploymentPostprocessing = 0;
		};
/* End PBXFrameworksBuildPhase section */

/* Begin PBXGroup section */
		00E356EF1AD99517003FC87E /* Reanimated2PlaygroundTests */ = {
			isa = PBXGroup;
			children = (
				00E356F21AD99517003FC87E /* Reanimated2PlaygroundTests.m */,
				00E356F01AD99517003FC87E /* Supporting Files */,
			);
			path = Reanimated2PlaygroundTests;
			sourceTree = "<group>";
		};
		00E356F01AD99517003FC87E /* Supporting Files */ = {
			isa = PBXGroup;
			children = (
				00E356F11AD99517003FC87E /* Info.plist */,
			);
			name = "Supporting Files";
			sourceTree = "<group>";
		};
		13B07FAE1A68108700A75B9A /* Reanimated2Playground */ = {
			isa = PBXGroup;
			children = (
				008F07F21AC5B25A0029DE68 /* main.jsbundle */,
				13B07FAF1A68108700A75B9A /* AppDelegate.h */,
				13B07FB01A68108700A75B9A /* AppDelegate.m */,
				13B07FB51A68108700A75B9A /* Images.xcassets */,
				13B07FB61A68108700A75B9A /* Info.plist */,
				81AB9BB72411601600AC10FF /* LaunchScreen.storyboard */,
				13B07FB71A68108700A75B9A /* main.m */,
			);
			name = Reanimated2Playground;
			sourceTree = "<group>";
		};
		2D16E6871FA4F8E400B85C8A /* Frameworks */ = {
			isa = PBXGroup;
			children = (
				ED297162215061F000B7C4FE /* JavaScriptCore.framework */,
				ED2971642150620600B7C4FE /* JavaScriptCore.framework */,
				D502522AED299D7EF9B635BC /* libPods-Reanimated2Playground.a */,
				A1CA032E9ED78A6C2499E26D /* libPods-Reanimated2Playground-Reanimated2PlaygroundTests.a */,
				D8D6010D29654194C88FD90B /* libPods-Reanimated2Playground-tvOS.a */,
				7CDFCDBD66BA9BCB4E22490E /* libPods-Reanimated2Playground-tvOSTests.a */,
			);
			name = Frameworks;
			sourceTree = "<group>";
		};
		832341AE1AAA6A7D00B99B32 /* Libraries */ = {
			isa = PBXGroup;
			children = (
			);
			name = Libraries;
			sourceTree = "<group>";
		};
		83CBB9F61A601CBA00E9B192 = {
			isa = PBXGroup;
			children = (
				13B07FAE1A68108700A75B9A /* Reanimated2Playground */,
				832341AE1AAA6A7D00B99B32 /* Libraries */,
				00E356EF1AD99517003FC87E /* Reanimated2PlaygroundTests */,
				83CBBA001A601CBA00E9B192 /* Products */,
				2D16E6871FA4F8E400B85C8A /* Frameworks */,
				F028705D412B6F17B5EDB186 /* Pods */,
				B0CF5C35B2754A12A1F0D6C1 /* Resources */,
			);
			indentWidth = 2;
			sourceTree = "<group>";
			tabWidth = 2;
			usesTabs = 0;
		};
		83CBBA001A601CBA00E9B192 /* Products */ = {
			isa = PBXGroup;
			children = (
				13B07F961A680F5B00A75B9A /* Reanimated2Playground.app */,
				00E356EE1AD99517003FC87E /* Reanimated2PlaygroundTests.xctest */,
				2D02E47B1E0B4A5D006451C7 /* Reanimated2Playground-tvOS.app */,
				2D02E4901E0B4A5D006451C7 /* Reanimated2Playground-tvOSTests.xctest */,
			);
			name = Products;
			sourceTree = "<group>";
		};
		B0CF5C35B2754A12A1F0D6C1 /* Resources */ = {
			isa = PBXGroup;
			children = (
				315CBDF7FE78471CB251F49E /* Radomir Tinkov - RidleyGrotesk-Black.otf */,
				1CF36EDAE4964B539B84D04C /* Radomir Tinkov - RidleyGrotesk-BlackItalic.otf */,
				211FA39063824D5C9F56986D /* Radomir Tinkov - RidleyGrotesk-Bold.otf */,
				0CD4E315BCC54AA891E0F878 /* Radomir Tinkov - RidleyGrotesk-BoldItalic.otf */,
				994F219D8EA344929FE7537B /* Radomir Tinkov - RidleyGrotesk-ExtraBold.otf */,
				A023A5C790AD464A802C6E7C /* Radomir Tinkov - RidleyGrotesk-ExtraBoldItalic.otf */,
				176233C69740451C8BB01CDF /* Radomir Tinkov - RidleyGrotesk-Italic.otf */,
				B42E2B67B2A24B9BAA6A393B /* Radomir Tinkov - RidleyGrotesk-Light.otf */,
				99956B73D3BD4BFFAFB7318A /* Radomir Tinkov - RidleyGrotesk-LightItalic.otf */,
				1B1467137C554422919553D3 /* Radomir Tinkov - RidleyGrotesk-Medium.otf */,
				45F148C113D6483BBA3A9C43 /* Radomir Tinkov - RidleyGrotesk-MediumItalic.otf */,
				5D0FD28955AF48398C206571 /* Radomir Tinkov - RidleyGrotesk-Regular.otf */,
				4B0DD5283FB74E768EADB871 /* Radomir Tinkov - RidleyGrotesk-SemiBold.otf */,
				E814E229E8CF470588C54F02 /* Radomir Tinkov - RidleyGrotesk-SemiBoldItalic.otf */,
				8CFA6AB725DD4817A1D14482 /* Radomir Tinkov - RidleyGrotesk-Thin.otf */,
				4339C1A53F1E4C5CA7939F86 /* Radomir Tinkov - RidleyGrotesk-ThinItalic.otf */,
				BDB02F4B3DA64205A2054CC2 /* Radomir Tinkov - RidleyGrotesk-UltraLight.otf */,
				E461D9D8E70B4BCC9F4CAF91 /* Radomir Tinkov - RidleyGrotesk-UltraLightItalic.otf */,
				3BA06A74984C45109FB1BEFC /* Montserrat-Black.ttf */,
				AA9C6A0CB66D4CB9A435F98F /* Montserrat-BlackItalic.ttf */,
				037AFC3E9502451683A88F80 /* Montserrat-Bold.ttf */,
				E21BE8E5CF0049FBB0C96CB5 /* Montserrat-BoldItalic.ttf */,
				97FC1E092E14481698205A2E /* Montserrat-ExtraBold.ttf */,
				04DFC712338C4E85A88E900F /* Montserrat-ExtraBoldItalic.ttf */,
				4CE18DABA36F43DC8F2F17E3 /* Montserrat-ExtraLight.ttf */,
				BACD5906B0D0486DAFBAD9BD /* Montserrat-ExtraLightItalic.ttf */,
				0929AD57FC4F43219FF9813A /* Montserrat-Italic.ttf */,
				03BD0C62A25F453897D0036B /* Montserrat-Light.ttf */,
				A030FB08AB9F492CBC312401 /* Montserrat-LightItalic.ttf */,
				AEA88BE2E4064935903B51DE /* Montserrat-Medium.ttf */,
				B9B41B3D1C0549DFAEC6B53F /* Montserrat-MediumItalic.ttf */,
				C09E4D40C6E143978150B9CC /* Montserrat-Regular.ttf */,
				EEE4EADF283F4B80B1A0A04C /* Montserrat-SemiBold.ttf */,
				63A891D89E294D6ABE579B99 /* Montserrat-SemiBoldItalic.ttf */,
				B7798069547D4DA9907077D9 /* Montserrat-Thin.ttf */,
				371B398B30ED4969A08AF361 /* Montserrat-ThinItalic.ttf */,
			);
			name = Resources;
			sourceTree = "<group>";
		};
		F028705D412B6F17B5EDB186 /* Pods */ = {
			isa = PBXGroup;
			children = (
				60E7506B883983ECCCB40086 /* Pods-Reanimated2Playground.debug.xcconfig */,
				B7A819DE64F7314A5BB425B8 /* Pods-Reanimated2Playground.release.xcconfig */,
				6D1E84DC006F367BB38A2BB4 /* Pods-Reanimated2Playground-Reanimated2PlaygroundTests.debug.xcconfig */,
				82E207FDB13C19A8B30B3DAC /* Pods-Reanimated2Playground-Reanimated2PlaygroundTests.release.xcconfig */,
				C739C66B797F3569B7B891E4 /* Pods-Reanimated2Playground-tvOS.debug.xcconfig */,
				39F535BFEB2A6C4611659D91 /* Pods-Reanimated2Playground-tvOS.release.xcconfig */,
				164007039BA0E9F1A09613B9 /* Pods-Reanimated2Playground-tvOSTests.debug.xcconfig */,
				9FDC1EF3E91C982BA2EBE79A /* Pods-Reanimated2Playground-tvOSTests.release.xcconfig */,
			);
			path = Pods;
			sourceTree = "<group>";
		};
/* End PBXGroup section */

/* Begin PBXNativeTarget section */
		00E356ED1AD99517003FC87E /* Reanimated2PlaygroundTests */ = {
			isa = PBXNativeTarget;
			buildConfigurationList = 00E357021AD99517003FC87E /* Build configuration list for PBXNativeTarget "Reanimated2PlaygroundTests" */;
			buildPhases = (
				7650BB9EE48091C9687334A4 /* [CP] Check Pods Manifest.lock */,
				00E356EA1AD99517003FC87E /* Sources */,
				00E356EB1AD99517003FC87E /* Frameworks */,
				00E356EC1AD99517003FC87E /* Resources */,
				38F1338D3F89A7C1C785D347 /* [CP] Copy Pods Resources */,
			);
			buildRules = (
			);
			dependencies = (
				00E356F51AD99517003FC87E /* PBXTargetDependency */,
			);
			name = Reanimated2PlaygroundTests;
			productName = Reanimated2PlaygroundTests;
			productReference = 00E356EE1AD99517003FC87E /* Reanimated2PlaygroundTests.xctest */;
			productType = "com.apple.product-type.bundle.unit-test";
		};
		13B07F861A680F5B00A75B9A /* Reanimated2Playground */ = {
			isa = PBXNativeTarget;
			buildConfigurationList = 13B07F931A680F5B00A75B9A /* Build configuration list for PBXNativeTarget "Reanimated2Playground" */;
			buildPhases = (
				67CE298F8811EF5831BBDAF5 /* [CP] Check Pods Manifest.lock */,
				FD10A7F022414F080027D42C /* Start Packager */,
				13B07F871A680F5B00A75B9A /* Sources */,
				13B07F8C1A680F5B00A75B9A /* Frameworks */,
				13B07F8E1A680F5B00A75B9A /* Resources */,
				00DD1BFF1BD5951E006B06BC /* Bundle React Native code and images */,
				551D9E8882934D89F55CA072 /* [CP] Copy Pods Resources */,
			);
			buildRules = (
			);
			dependencies = (
			);
			name = Reanimated2Playground;
			productName = Reanimated2Playground;
			productReference = 13B07F961A680F5B00A75B9A /* Reanimated2Playground.app */;
			productType = "com.apple.product-type.application";
		};
		2D02E47A1E0B4A5D006451C7 /* Reanimated2Playground-tvOS */ = {
			isa = PBXNativeTarget;
			buildConfigurationList = 2D02E4BA1E0B4A5E006451C7 /* Build configuration list for PBXNativeTarget "Reanimated2Playground-tvOS" */;
			buildPhases = (
				B1B6A3AB9517388AD842AEC5 /* [CP] Check Pods Manifest.lock */,
				FD10A7F122414F3F0027D42C /* Start Packager */,
				2D02E4771E0B4A5D006451C7 /* Sources */,
				2D02E4781E0B4A5D006451C7 /* Frameworks */,
				2D02E4791E0B4A5D006451C7 /* Resources */,
				2D02E4CB1E0B4B27006451C7 /* Bundle React Native Code And Images */,
			);
			buildRules = (
			);
			dependencies = (
			);
			name = "Reanimated2Playground-tvOS";
			productName = "Reanimated2Playground-tvOS";
			productReference = 2D02E47B1E0B4A5D006451C7 /* Reanimated2Playground-tvOS.app */;
			productType = "com.apple.product-type.application";
		};
		2D02E48F1E0B4A5D006451C7 /* Reanimated2Playground-tvOSTests */ = {
			isa = PBXNativeTarget;
			buildConfigurationList = 2D02E4BB1E0B4A5E006451C7 /* Build configuration list for PBXNativeTarget "Reanimated2Playground-tvOSTests" */;
			buildPhases = (
				6257DF22DCB22E23F4E8F075 /* [CP] Check Pods Manifest.lock */,
				2D02E48C1E0B4A5D006451C7 /* Sources */,
				2D02E48D1E0B4A5D006451C7 /* Frameworks */,
				2D02E48E1E0B4A5D006451C7 /* Resources */,
			);
			buildRules = (
			);
			dependencies = (
				2D02E4921E0B4A5D006451C7 /* PBXTargetDependency */,
			);
			name = "Reanimated2Playground-tvOSTests";
			productName = "Reanimated2Playground-tvOSTests";
			productReference = 2D02E4901E0B4A5D006451C7 /* Reanimated2Playground-tvOSTests.xctest */;
			productType = "com.apple.product-type.bundle.unit-test";
		};
/* End PBXNativeTarget section */

/* Begin PBXProject section */
		83CBB9F71A601CBA00E9B192 /* Project object */ = {
			isa = PBXProject;
			attributes = {
				LastUpgradeCheck = 1130;
				TargetAttributes = {
					00E356ED1AD99517003FC87E = {
						CreatedOnToolsVersion = 6.2;
						TestTargetID = 13B07F861A680F5B00A75B9A;
					};
					13B07F861A680F5B00A75B9A = {
						DevelopmentTeam = B32799FUBK;
						LastSwiftMigration = 1120;
					};
					2D02E47A1E0B4A5D006451C7 = {
						CreatedOnToolsVersion = 8.2.1;
						ProvisioningStyle = Automatic;
					};
					2D02E48F1E0B4A5D006451C7 = {
						CreatedOnToolsVersion = 8.2.1;
						ProvisioningStyle = Automatic;
						TestTargetID = 2D02E47A1E0B4A5D006451C7;
					};
				};
			};
			buildConfigurationList = 83CBB9FA1A601CBA00E9B192 /* Build configuration list for PBXProject "Reanimated2Playground" */;
			compatibilityVersion = "Xcode 3.2";
			developmentRegion = en;
			hasScannedForEncodings = 0;
			knownRegions = (
				en,
				Base,
			);
			mainGroup = 83CBB9F61A601CBA00E9B192;
			productRefGroup = 83CBBA001A601CBA00E9B192 /* Products */;
			projectDirPath = "";
			projectRoot = "";
			targets = (
				13B07F861A680F5B00A75B9A /* Reanimated2Playground */,
				00E356ED1AD99517003FC87E /* Reanimated2PlaygroundTests */,
				2D02E47A1E0B4A5D006451C7 /* Reanimated2Playground-tvOS */,
				2D02E48F1E0B4A5D006451C7 /* Reanimated2Playground-tvOSTests */,
			);
		};
/* End PBXProject section */

/* Begin PBXResourcesBuildPhase section */
		00E356EC1AD99517003FC87E /* Resources */ = {
			isa = PBXResourcesBuildPhase;
			buildActionMask = 2147483647;
			files = (
			);
			runOnlyForDeploymentPostprocessing = 0;
		};
		13B07F8E1A680F5B00A75B9A /* Resources */ = {
			isa = PBXResourcesBuildPhase;
			buildActionMask = 2147483647;
			files = (
				81AB9BB82411601600AC10FF /* LaunchScreen.storyboard in Resources */,
				13B07FBF1A68108700A75B9A /* Images.xcassets in Resources */,
				E7EE2C796DA6425CA8FB56ED /* Radomir Tinkov - RidleyGrotesk-Black.otf in Resources */,
				EE6363B3746B4B3DB1CC801F /* Radomir Tinkov - RidleyGrotesk-BlackItalic.otf in Resources */,
				61A3DAC78DDE46FF82B5CD8A /* Radomir Tinkov - RidleyGrotesk-Bold.otf in Resources */,
				8FCFA1980FF64983A49212DC /* Radomir Tinkov - RidleyGrotesk-BoldItalic.otf in Resources */,
				B29FE4587FB04D49A69527A8 /* Radomir Tinkov - RidleyGrotesk-ExtraBold.otf in Resources */,
				2B7BD1188DE149CFBC57E64E /* Radomir Tinkov - RidleyGrotesk-ExtraBoldItalic.otf in Resources */,
				478D4158B0FF423C8301B581 /* Radomir Tinkov - RidleyGrotesk-Italic.otf in Resources */,
				E90F459EABEB43FCA7EC3AA8 /* Radomir Tinkov - RidleyGrotesk-Light.otf in Resources */,
				0532E82BD65D41F6B5808E9F /* Radomir Tinkov - RidleyGrotesk-LightItalic.otf in Resources */,
				24360734B3334E25BA5E6BAE /* Radomir Tinkov - RidleyGrotesk-Medium.otf in Resources */,
				E8AA458494714F458B14838F /* Radomir Tinkov - RidleyGrotesk-MediumItalic.otf in Resources */,
				1546952077E642ABB21A698A /* Radomir Tinkov - RidleyGrotesk-Regular.otf in Resources */,
				B6B45FDA49674A6894AC56AC /* Radomir Tinkov - RidleyGrotesk-SemiBold.otf in Resources */,
				9EFD245A6F2D41DEB3682AC4 /* Radomir Tinkov - RidleyGrotesk-SemiBoldItalic.otf in Resources */,
				FD6C2854C2774D2A92D8E190 /* Radomir Tinkov - RidleyGrotesk-Thin.otf in Resources */,
				FA062CE0B8B74D3D8024A9C4 /* Radomir Tinkov - RidleyGrotesk-ThinItalic.otf in Resources */,
				1005075C626D44AB8572AE8A /* Radomir Tinkov - RidleyGrotesk-UltraLight.otf in Resources */,
				C8AAB08A19274131B8ABE2AF /* Radomir Tinkov - RidleyGrotesk-UltraLightItalic.otf in Resources */,
				3454CA295190421A9B0DBDD3 /* Montserrat-Black.ttf in Resources */,
				678545A3AD8D4CE99E313809 /* Montserrat-BlackItalic.ttf in Resources */,
				C3978011D076404988EC3DC2 /* Montserrat-Bold.ttf in Resources */,
				23B29DCCBFC2432DB6BB9DE7 /* Montserrat-BoldItalic.ttf in Resources */,
				31D631C78FDE4572A0E1ED0F /* Montserrat-ExtraBold.ttf in Resources */,
				71F78556853048F190E19554 /* Montserrat-ExtraBoldItalic.ttf in Resources */,
				DE8BC61663A84E008F020759 /* Montserrat-ExtraLight.ttf in Resources */,
				C5EDC0E7D0D9459694EFF6CF /* Montserrat-ExtraLightItalic.ttf in Resources */,
				7D1AC2D9FBB1490EB880133D /* Montserrat-Italic.ttf in Resources */,
				33A4560D10FB4FE7A85748AD /* Montserrat-Light.ttf in Resources */,
				209FDBB449F142E896E373A0 /* Montserrat-LightItalic.ttf in Resources */,
				E735BABDF22D4E45A38A9830 /* Montserrat-Medium.ttf in Resources */,
				0B33437FA49A4C089ADDB150 /* Montserrat-MediumItalic.ttf in Resources */,
				3128BDC8BD664CAB8EC10968 /* Montserrat-Regular.ttf in Resources */,
				0A7C200AB88E4D0B8EBFDF06 /* Montserrat-SemiBold.ttf in Resources */,
				D99C9BF3DDC54967B1BEA620 /* Montserrat-SemiBoldItalic.ttf in Resources */,
				0FC8082A78AB423E98852405 /* Montserrat-Thin.ttf in Resources */,
				9C9C538028C44C728DFE4161 /* Montserrat-ThinItalic.ttf in Resources */,
			);
			runOnlyForDeploymentPostprocessing = 0;
		};
		2D02E4791E0B4A5D006451C7 /* Resources */ = {
			isa = PBXResourcesBuildPhase;
			buildActionMask = 2147483647;
			files = (
				2D02E4BD1E0B4A84006451C7 /* Images.xcassets in Resources */,
			);
			runOnlyForDeploymentPostprocessing = 0;
		};
		2D02E48E1E0B4A5D006451C7 /* Resources */ = {
			isa = PBXResourcesBuildPhase;
			buildActionMask = 2147483647;
			files = (
			);
			runOnlyForDeploymentPostprocessing = 0;
		};
/* End PBXResourcesBuildPhase section */

/* Begin PBXShellScriptBuildPhase section */
		00DD1BFF1BD5951E006B06BC /* Bundle React Native code and images */ = {
			isa = PBXShellScriptBuildPhase;
			buildActionMask = 2147483647;
			files = (
			);
			inputPaths = (
			);
			name = "Bundle React Native code and images";
			outputPaths = (
			);
			runOnlyForDeploymentPostprocessing = 0;
			shellPath = /bin/sh;
			shellScript = "export NODE_BINARY=node\n../node_modules/react-native/scripts/react-native-xcode.sh";
		};
		2D02E4CB1E0B4B27006451C7 /* Bundle React Native Code And Images */ = {
			isa = PBXShellScriptBuildPhase;
			buildActionMask = 2147483647;
			files = (
			);
			inputPaths = (
			);
			name = "Bundle React Native Code And Images";
			outputPaths = (
			);
			runOnlyForDeploymentPostprocessing = 0;
			shellPath = /bin/sh;
			shellScript = "export NODE_BINARY=node\n../node_modules/react-native/scripts/react-native-xcode.sh";
		};
		38F1338D3F89A7C1C785D347 /* [CP] Copy Pods Resources */ = {
			isa = PBXShellScriptBuildPhase;
			buildActionMask = 2147483647;
			files = (
			);
			inputPaths = (
				"${PODS_ROOT}/Target Support Files/Pods-Reanimated2Playground-Reanimated2PlaygroundTests/Pods-Reanimated2Playground-Reanimated2PlaygroundTests-resources.sh",
				"${PODS_CONFIGURATION_BUILD_DIR}/React-Core/AccessibilityResources.bundle",
			);
			name = "[CP] Copy Pods Resources";
			outputPaths = (
				"${TARGET_BUILD_DIR}/${UNLOCALIZED_RESOURCES_FOLDER_PATH}/AccessibilityResources.bundle",
			);
			runOnlyForDeploymentPostprocessing = 0;
			shellPath = /bin/sh;
			shellScript = "\"${PODS_ROOT}/Target Support Files/Pods-Reanimated2Playground-Reanimated2PlaygroundTests/Pods-Reanimated2Playground-Reanimated2PlaygroundTests-resources.sh\"\n";
			showEnvVarsInLog = 0;
		};
		551D9E8882934D89F55CA072 /* [CP] Copy Pods Resources */ = {
			isa = PBXShellScriptBuildPhase;
			buildActionMask = 2147483647;
			files = (
			);
			inputPaths = (
				"${PODS_ROOT}/Target Support Files/Pods-Reanimated2Playground/Pods-Reanimated2Playground-resources.sh",
				"${PODS_CONFIGURATION_BUILD_DIR}/React-Core/AccessibilityResources.bundle",
			);
			name = "[CP] Copy Pods Resources";
			outputPaths = (
				"${TARGET_BUILD_DIR}/${UNLOCALIZED_RESOURCES_FOLDER_PATH}/AccessibilityResources.bundle",
			);
			runOnlyForDeploymentPostprocessing = 0;
			shellPath = /bin/sh;
			shellScript = "\"${PODS_ROOT}/Target Support Files/Pods-Reanimated2Playground/Pods-Reanimated2Playground-resources.sh\"\n";
			showEnvVarsInLog = 0;
		};
		6257DF22DCB22E23F4E8F075 /* [CP] Check Pods Manifest.lock */ = {
			isa = PBXShellScriptBuildPhase;
			buildActionMask = 2147483647;
			files = (
			);
			inputFileListPaths = (
			);
			inputPaths = (
				"${PODS_PODFILE_DIR_PATH}/Podfile.lock",
				"${PODS_ROOT}/Manifest.lock",
			);
			name = "[CP] Check Pods Manifest.lock";
			outputFileListPaths = (
			);
			outputPaths = (
				"$(DERIVED_FILE_DIR)/Pods-Reanimated2Playground-tvOSTests-checkManifestLockResult.txt",
			);
			runOnlyForDeploymentPostprocessing = 0;
			shellPath = /bin/sh;
			shellScript = "diff \"${PODS_PODFILE_DIR_PATH}/Podfile.lock\" \"${PODS_ROOT}/Manifest.lock\" > /dev/null\nif [ $? != 0 ] ; then\n    # print error to STDERR\n    echo \"error: The sandbox is not in sync with the Podfile.lock. Run 'pod install' or update your CocoaPods installation.\" >&2\n    exit 1\nfi\n# This output is used by Xcode 'outputs' to avoid re-running this script phase.\necho \"SUCCESS\" > \"${SCRIPT_OUTPUT_FILE_0}\"\n";
			showEnvVarsInLog = 0;
		};
		67CE298F8811EF5831BBDAF5 /* [CP] Check Pods Manifest.lock */ = {
			isa = PBXShellScriptBuildPhase;
			buildActionMask = 2147483647;
			files = (
			);
			inputFileListPaths = (
			);
			inputPaths = (
				"${PODS_PODFILE_DIR_PATH}/Podfile.lock",
				"${PODS_ROOT}/Manifest.lock",
			);
			name = "[CP] Check Pods Manifest.lock";
			outputFileListPaths = (
			);
			outputPaths = (
				"$(DERIVED_FILE_DIR)/Pods-Reanimated2Playground-checkManifestLockResult.txt",
			);
			runOnlyForDeploymentPostprocessing = 0;
			shellPath = /bin/sh;
			shellScript = "diff \"${PODS_PODFILE_DIR_PATH}/Podfile.lock\" \"${PODS_ROOT}/Manifest.lock\" > /dev/null\nif [ $? != 0 ] ; then\n    # print error to STDERR\n    echo \"error: The sandbox is not in sync with the Podfile.lock. Run 'pod install' or update your CocoaPods installation.\" >&2\n    exit 1\nfi\n# This output is used by Xcode 'outputs' to avoid re-running this script phase.\necho \"SUCCESS\" > \"${SCRIPT_OUTPUT_FILE_0}\"\n";
			showEnvVarsInLog = 0;
		};
		7650BB9EE48091C9687334A4 /* [CP] Check Pods Manifest.lock */ = {
			isa = PBXShellScriptBuildPhase;
			buildActionMask = 2147483647;
			files = (
			);
			inputFileListPaths = (
			);
			inputPaths = (
				"${PODS_PODFILE_DIR_PATH}/Podfile.lock",
				"${PODS_ROOT}/Manifest.lock",
			);
			name = "[CP] Check Pods Manifest.lock";
			outputFileListPaths = (
			);
			outputPaths = (
				"$(DERIVED_FILE_DIR)/Pods-Reanimated2Playground-Reanimated2PlaygroundTests-checkManifestLockResult.txt",
			);
			runOnlyForDeploymentPostprocessing = 0;
			shellPath = /bin/sh;
			shellScript = "diff \"${PODS_PODFILE_DIR_PATH}/Podfile.lock\" \"${PODS_ROOT}/Manifest.lock\" > /dev/null\nif [ $? != 0 ] ; then\n    # print error to STDERR\n    echo \"error: The sandbox is not in sync with the Podfile.lock. Run 'pod install' or update your CocoaPods installation.\" >&2\n    exit 1\nfi\n# This output is used by Xcode 'outputs' to avoid re-running this script phase.\necho \"SUCCESS\" > \"${SCRIPT_OUTPUT_FILE_0}\"\n";
			showEnvVarsInLog = 0;
		};
		B1B6A3AB9517388AD842AEC5 /* [CP] Check Pods Manifest.lock */ = {
			isa = PBXShellScriptBuildPhase;
			buildActionMask = 2147483647;
			files = (
			);
			inputFileListPaths = (
			);
			inputPaths = (
				"${PODS_PODFILE_DIR_PATH}/Podfile.lock",
				"${PODS_ROOT}/Manifest.lock",
			);
			name = "[CP] Check Pods Manifest.lock";
			outputFileListPaths = (
			);
			outputPaths = (
				"$(DERIVED_FILE_DIR)/Pods-Reanimated2Playground-tvOS-checkManifestLockResult.txt",
			);
			runOnlyForDeploymentPostprocessing = 0;
			shellPath = /bin/sh;
			shellScript = "diff \"${PODS_PODFILE_DIR_PATH}/Podfile.lock\" \"${PODS_ROOT}/Manifest.lock\" > /dev/null\nif [ $? != 0 ] ; then\n    # print error to STDERR\n    echo \"error: The sandbox is not in sync with the Podfile.lock. Run 'pod install' or update your CocoaPods installation.\" >&2\n    exit 1\nfi\n# This output is used by Xcode 'outputs' to avoid re-running this script phase.\necho \"SUCCESS\" > \"${SCRIPT_OUTPUT_FILE_0}\"\n";
			showEnvVarsInLog = 0;
		};
		FD10A7F022414F080027D42C /* Start Packager */ = {
			isa = PBXShellScriptBuildPhase;
			buildActionMask = 2147483647;
			files = (
			);
			inputFileListPaths = (
			);
			inputPaths = (
			);
			name = "Start Packager";
			outputFileListPaths = (
			);
			outputPaths = (
			);
			runOnlyForDeploymentPostprocessing = 0;
			shellPath = /bin/sh;
			shellScript = "export RCT_METRO_PORT=\"${RCT_METRO_PORT:=8081}\"\necho \"export RCT_METRO_PORT=${RCT_METRO_PORT}\" > \"${SRCROOT}/../node_modules/react-native/scripts/.packager.env\"\nif [ -z \"${RCT_NO_LAUNCH_PACKAGER+xxx}\" ] ; then\n  if nc -w 5 -z localhost ${RCT_METRO_PORT} ; then\n    if ! curl -s \"http://localhost:${RCT_METRO_PORT}/status\" | grep -q \"packager-status:running\" ; then\n      echo \"Port ${RCT_METRO_PORT} already in use, packager is either not running or not running correctly\"\n      exit 2\n    fi\n  else\n    open \"$SRCROOT/../node_modules/react-native/scripts/launchPackager.command\" || echo \"Can't start packager automatically\"\n  fi\nfi\n";
			showEnvVarsInLog = 0;
		};
		FD10A7F122414F3F0027D42C /* Start Packager */ = {
			isa = PBXShellScriptBuildPhase;
			buildActionMask = 2147483647;
			files = (
			);
			inputFileListPaths = (
			);
			inputPaths = (
			);
			name = "Start Packager";
			outputFileListPaths = (
			);
			outputPaths = (
			);
			runOnlyForDeploymentPostprocessing = 0;
			shellPath = /bin/sh;
			shellScript = "export RCT_METRO_PORT=\"${RCT_METRO_PORT:=8081}\"\necho \"export RCT_METRO_PORT=${RCT_METRO_PORT}\" > \"${SRCROOT}/../node_modules/react-native/scripts/.packager.env\"\nif [ -z \"${RCT_NO_LAUNCH_PACKAGER+xxx}\" ] ; then\n  if nc -w 5 -z localhost ${RCT_METRO_PORT} ; then\n    if ! curl -s \"http://localhost:${RCT_METRO_PORT}/status\" | grep -q \"packager-status:running\" ; then\n      echo \"Port ${RCT_METRO_PORT} already in use, packager is either not running or not running correctly\"\n      exit 2\n    fi\n  else\n    open \"$SRCROOT/../node_modules/react-native/scripts/launchPackager.command\" || echo \"Can't start packager automatically\"\n  fi\nfi\n";
			showEnvVarsInLog = 0;
		};
/* End PBXShellScriptBuildPhase section */

/* Begin PBXSourcesBuildPhase section */
		00E356EA1AD99517003FC87E /* Sources */ = {
			isa = PBXSourcesBuildPhase;
			buildActionMask = 2147483647;
			files = (
				00E356F31AD99517003FC87E /* Reanimated2PlaygroundTests.m in Sources */,
			);
			runOnlyForDeploymentPostprocessing = 0;
		};
		13B07F871A680F5B00A75B9A /* Sources */ = {
			isa = PBXSourcesBuildPhase;
			buildActionMask = 2147483647;
			files = (
				13B07FBC1A68108700A75B9A /* AppDelegate.m in Sources */,
				13B07FC11A68108700A75B9A /* main.m in Sources */,
			);
			runOnlyForDeploymentPostprocessing = 0;
		};
		2D02E4771E0B4A5D006451C7 /* Sources */ = {
			isa = PBXSourcesBuildPhase;
			buildActionMask = 2147483647;
			files = (
				2D02E4BF1E0B4AB3006451C7 /* main.m in Sources */,
				2D02E4BC1E0B4A80006451C7 /* AppDelegate.m in Sources */,
			);
			runOnlyForDeploymentPostprocessing = 0;
		};
		2D02E48C1E0B4A5D006451C7 /* Sources */ = {
			isa = PBXSourcesBuildPhase;
			buildActionMask = 2147483647;
			files = (
				2DCD954D1E0B4F2C00145EB5 /* Reanimated2PlaygroundTests.m in Sources */,
			);
			runOnlyForDeploymentPostprocessing = 0;
		};
/* End PBXSourcesBuildPhase section */

/* Begin PBXTargetDependency section */
		00E356F51AD99517003FC87E /* PBXTargetDependency */ = {
			isa = PBXTargetDependency;
			target = 13B07F861A680F5B00A75B9A /* Reanimated2Playground */;
			targetProxy = 00E356F41AD99517003FC87E /* PBXContainerItemProxy */;
		};
		2D02E4921E0B4A5D006451C7 /* PBXTargetDependency */ = {
			isa = PBXTargetDependency;
			target = 2D02E47A1E0B4A5D006451C7 /* Reanimated2Playground-tvOS */;
			targetProxy = 2D02E4911E0B4A5D006451C7 /* PBXContainerItemProxy */;
		};
/* End PBXTargetDependency section */

/* Begin XCBuildConfiguration section */
		00E356F61AD99517003FC87E /* Debug */ = {
			isa = XCBuildConfiguration;
			baseConfigurationReference = 6D1E84DC006F367BB38A2BB4 /* Pods-Reanimated2Playground-Reanimated2PlaygroundTests.debug.xcconfig */;
			buildSettings = {
				BUNDLE_LOADER = "$(TEST_HOST)";
				GCC_PREPROCESSOR_DEFINITIONS = (
					"DEBUG=1",
					"$(inherited)",
				);
				INFOPLIST_FILE = Reanimated2PlaygroundTests/Info.plist;
				IPHONEOS_DEPLOYMENT_TARGET = 10.0;
				LD_RUNPATH_SEARCH_PATHS = "$(inherited) @executable_path/Frameworks @loader_path/Frameworks";
				OTHER_LDFLAGS = (
					"-ObjC",
					"-lc++",
					"$(inherited)",
				);
				PRODUCT_BUNDLE_IDENTIFIER = "org.reactjs.native.example.$(PRODUCT_NAME:rfc1034identifier)";
				PRODUCT_NAME = "$(TARGET_NAME)";
				TEST_HOST = "$(BUILT_PRODUCTS_DIR)/Reanimated2Playground.app/Reanimated2Playground";
			};
			name = Debug;
		};
		00E356F71AD99517003FC87E /* Release */ = {
			isa = XCBuildConfiguration;
			baseConfigurationReference = 82E207FDB13C19A8B30B3DAC /* Pods-Reanimated2Playground-Reanimated2PlaygroundTests.release.xcconfig */;
			buildSettings = {
				BUNDLE_LOADER = "$(TEST_HOST)";
				COPY_PHASE_STRIP = NO;
				INFOPLIST_FILE = Reanimated2PlaygroundTests/Info.plist;
				IPHONEOS_DEPLOYMENT_TARGET = 10.0;
				LD_RUNPATH_SEARCH_PATHS = "$(inherited) @executable_path/Frameworks @loader_path/Frameworks";
				OTHER_LDFLAGS = (
					"-ObjC",
					"-lc++",
					"$(inherited)",
				);
				PRODUCT_BUNDLE_IDENTIFIER = "org.reactjs.native.example.$(PRODUCT_NAME:rfc1034identifier)";
				PRODUCT_NAME = "$(TARGET_NAME)";
				TEST_HOST = "$(BUILT_PRODUCTS_DIR)/Reanimated2Playground.app/Reanimated2Playground";
			};
			name = Release;
		};
		13B07F941A680F5B00A75B9A /* Debug */ = {
			isa = XCBuildConfiguration;
			baseConfigurationReference = 60E7506B883983ECCCB40086 /* Pods-Reanimated2Playground.debug.xcconfig */;
			buildSettings = {
				ASSETCATALOG_COMPILER_APPICON_NAME = AppIcon;
				CLANG_ENABLE_MODULES = YES;
				CURRENT_PROJECT_VERSION = 1;
				DEVELOPMENT_TEAM = B32799FUBK;
				ENABLE_BITCODE = NO;
				INFOPLIST_FILE = Reanimated2Playground/Info.plist;
				LD_RUNPATH_SEARCH_PATHS = "$(inherited) @executable_path/Frameworks";
				OTHER_LDFLAGS = (
					"$(inherited)",
					"-ObjC",
					"-lc++",
				);
				PRODUCT_BUNDLE_IDENTIFIER = "org.reactjs.native.example.$(PRODUCT_NAME:rfc1034identifier)";
				PRODUCT_NAME = Reanimated2Playground;
				SWIFT_OPTIMIZATION_LEVEL = "-Onone";
				SWIFT_VERSION = 5.0;
				VERSIONING_SYSTEM = "apple-generic";
			};
			name = Debug;
		};
		13B07F951A680F5B00A75B9A /* Release */ = {
			isa = XCBuildConfiguration;
			baseConfigurationReference = B7A819DE64F7314A5BB425B8 /* Pods-Reanimated2Playground.release.xcconfig */;
			buildSettings = {
				ASSETCATALOG_COMPILER_APPICON_NAME = AppIcon;
				CLANG_ENABLE_MODULES = YES;
				CURRENT_PROJECT_VERSION = 1;
				DEVELOPMENT_TEAM = B32799FUBK;
				INFOPLIST_FILE = Reanimated2Playground/Info.plist;
				LD_RUNPATH_SEARCH_PATHS = "$(inherited) @executable_path/Frameworks";
				OTHER_LDFLAGS = (
					"$(inherited)",
					"-ObjC",
					"-lc++",
				);
				PRODUCT_BUNDLE_IDENTIFIER = "org.reactjs.native.example.$(PRODUCT_NAME:rfc1034identifier)";
				PRODUCT_NAME = Reanimated2Playground;
				SWIFT_VERSION = 5.0;
				VERSIONING_SYSTEM = "apple-generic";
			};
			name = Release;
		};
		2D02E4971E0B4A5E006451C7 /* Debug */ = {
			isa = XCBuildConfiguration;
			baseConfigurationReference = C739C66B797F3569B7B891E4 /* Pods-Reanimated2Playground-tvOS.debug.xcconfig */;
			buildSettings = {
				ASSETCATALOG_COMPILER_APPICON_NAME = "App Icon & Top Shelf Image";
				ASSETCATALOG_COMPILER_LAUNCHIMAGE_NAME = LaunchImage;
				CLANG_ANALYZER_NONNULL = YES;
				CLANG_WARN_DOCUMENTATION_COMMENTS = YES;
				CLANG_WARN_INFINITE_RECURSION = YES;
				CLANG_WARN_SUSPICIOUS_MOVE = YES;
				DEBUG_INFORMATION_FORMAT = dwarf;
				ENABLE_TESTABILITY = YES;
				GCC_NO_COMMON_BLOCKS = YES;
				INFOPLIST_FILE = "Reanimated2Playground-tvOS/Info.plist";
				LD_RUNPATH_SEARCH_PATHS = "$(inherited) @executable_path/Frameworks";
				OTHER_LDFLAGS = (
					"$(inherited)",
					"-ObjC",
					"-lc++",
				);
				PRODUCT_BUNDLE_IDENTIFIER = "org.reactjs.native.example.Reanimated2Playground-tvOS";
				PRODUCT_NAME = "$(TARGET_NAME)";
				SDKROOT = appletvos;
				TARGETED_DEVICE_FAMILY = 3;
				TVOS_DEPLOYMENT_TARGET = 10.0;
			};
			name = Debug;
		};
		2D02E4981E0B4A5E006451C7 /* Release */ = {
			isa = XCBuildConfiguration;
			baseConfigurationReference = 39F535BFEB2A6C4611659D91 /* Pods-Reanimated2Playground-tvOS.release.xcconfig */;
			buildSettings = {
				ASSETCATALOG_COMPILER_APPICON_NAME = "App Icon & Top Shelf Image";
				ASSETCATALOG_COMPILER_LAUNCHIMAGE_NAME = LaunchImage;
				CLANG_ANALYZER_NONNULL = YES;
				CLANG_WARN_DOCUMENTATION_COMMENTS = YES;
				CLANG_WARN_INFINITE_RECURSION = YES;
				CLANG_WARN_SUSPICIOUS_MOVE = YES;
				COPY_PHASE_STRIP = NO;
				DEBUG_INFORMATION_FORMAT = "dwarf-with-dsym";
				GCC_NO_COMMON_BLOCKS = YES;
				INFOPLIST_FILE = "Reanimated2Playground-tvOS/Info.plist";
				LD_RUNPATH_SEARCH_PATHS = "$(inherited) @executable_path/Frameworks";
				OTHER_LDFLAGS = (
					"$(inherited)",
					"-ObjC",
					"-lc++",
				);
				PRODUCT_BUNDLE_IDENTIFIER = "org.reactjs.native.example.Reanimated2Playground-tvOS";
				PRODUCT_NAME = "$(TARGET_NAME)";
				SDKROOT = appletvos;
				TARGETED_DEVICE_FAMILY = 3;
				TVOS_DEPLOYMENT_TARGET = 10.0;
			};
			name = Release;
		};
		2D02E4991E0B4A5E006451C7 /* Debug */ = {
			isa = XCBuildConfiguration;
			baseConfigurationReference = 164007039BA0E9F1A09613B9 /* Pods-Reanimated2Playground-tvOSTests.debug.xcconfig */;
			buildSettings = {
				BUNDLE_LOADER = "$(TEST_HOST)";
				CLANG_ANALYZER_NONNULL = YES;
				CLANG_WARN_DOCUMENTATION_COMMENTS = YES;
				CLANG_WARN_INFINITE_RECURSION = YES;
				CLANG_WARN_SUSPICIOUS_MOVE = YES;
				DEBUG_INFORMATION_FORMAT = dwarf;
				ENABLE_TESTABILITY = YES;
				GCC_NO_COMMON_BLOCKS = YES;
				INFOPLIST_FILE = "Reanimated2Playground-tvOSTests/Info.plist";
				LD_RUNPATH_SEARCH_PATHS = "$(inherited) @executable_path/Frameworks @loader_path/Frameworks";
				OTHER_LDFLAGS = (
					"$(inherited)",
					"-ObjC",
					"-lc++",
				);
				PRODUCT_BUNDLE_IDENTIFIER = "org.reactjs.native.example.Reanimated2Playground-tvOSTests";
				PRODUCT_NAME = "$(TARGET_NAME)";
				SDKROOT = appletvos;
				TEST_HOST = "$(BUILT_PRODUCTS_DIR)/Reanimated2Playground-tvOS.app/Reanimated2Playground-tvOS";
				TVOS_DEPLOYMENT_TARGET = 10.1;
			};
			name = Debug;
		};
		2D02E49A1E0B4A5E006451C7 /* Release */ = {
			isa = XCBuildConfiguration;
			baseConfigurationReference = 9FDC1EF3E91C982BA2EBE79A /* Pods-Reanimated2Playground-tvOSTests.release.xcconfig */;
			buildSettings = {
				BUNDLE_LOADER = "$(TEST_HOST)";
				CLANG_ANALYZER_NONNULL = YES;
				CLANG_WARN_DOCUMENTATION_COMMENTS = YES;
				CLANG_WARN_INFINITE_RECURSION = YES;
				CLANG_WARN_SUSPICIOUS_MOVE = YES;
				COPY_PHASE_STRIP = NO;
				DEBUG_INFORMATION_FORMAT = "dwarf-with-dsym";
				GCC_NO_COMMON_BLOCKS = YES;
				INFOPLIST_FILE = "Reanimated2Playground-tvOSTests/Info.plist";
				LD_RUNPATH_SEARCH_PATHS = "$(inherited) @executable_path/Frameworks @loader_path/Frameworks";
				OTHER_LDFLAGS = (
					"$(inherited)",
					"-ObjC",
					"-lc++",
				);
				PRODUCT_BUNDLE_IDENTIFIER = "org.reactjs.native.example.Reanimated2Playground-tvOSTests";
				PRODUCT_NAME = "$(TARGET_NAME)";
				SDKROOT = appletvos;
				TEST_HOST = "$(BUILT_PRODUCTS_DIR)/Reanimated2Playground-tvOS.app/Reanimated2Playground-tvOS";
				TVOS_DEPLOYMENT_TARGET = 10.1;
			};
			name = Release;
		};
		83CBBA201A601CBA00E9B192 /* Debug */ = {
			isa = XCBuildConfiguration;
			buildSettings = {
				ALWAYS_SEARCH_USER_PATHS = NO;
				CLANG_ANALYZER_LOCALIZABILITY_NONLOCALIZED = YES;
				CLANG_CXX_LANGUAGE_STANDARD = "gnu++0x";
				CLANG_CXX_LIBRARY = "libc++";
				CLANG_ENABLE_MODULES = YES;
				CLANG_ENABLE_OBJC_ARC = YES;
				CLANG_WARN_BLOCK_CAPTURE_AUTORELEASING = YES;
				CLANG_WARN_BOOL_CONVERSION = YES;
				CLANG_WARN_COMMA = YES;
				CLANG_WARN_CONSTANT_CONVERSION = YES;
				CLANG_WARN_DEPRECATED_OBJC_IMPLEMENTATIONS = YES;
				CLANG_WARN_DIRECT_OBJC_ISA_USAGE = YES_ERROR;
				CLANG_WARN_EMPTY_BODY = YES;
				CLANG_WARN_ENUM_CONVERSION = YES;
				CLANG_WARN_INFINITE_RECURSION = YES;
				CLANG_WARN_INT_CONVERSION = YES;
				CLANG_WARN_NON_LITERAL_NULL_CONVERSION = YES;
				CLANG_WARN_OBJC_IMPLICIT_RETAIN_SELF = YES;
				CLANG_WARN_OBJC_LITERAL_CONVERSION = YES;
				CLANG_WARN_OBJC_ROOT_CLASS = YES_ERROR;
				CLANG_WARN_RANGE_LOOP_ANALYSIS = YES;
				CLANG_WARN_STRICT_PROTOTYPES = YES;
				CLANG_WARN_SUSPICIOUS_MOVE = YES;
				CLANG_WARN_UNREACHABLE_CODE = YES;
				CLANG_WARN__DUPLICATE_METHOD_MATCH = YES;
				"CODE_SIGN_IDENTITY[sdk=iphoneos*]" = "iPhone Developer";
				COPY_PHASE_STRIP = NO;
				ENABLE_STRICT_OBJC_MSGSEND = YES;
				ENABLE_TESTABILITY = YES;
				GCC_C_LANGUAGE_STANDARD = gnu99;
				GCC_DYNAMIC_NO_PIC = NO;
				GCC_NO_COMMON_BLOCKS = YES;
				GCC_OPTIMIZATION_LEVEL = 0;
				GCC_PREPROCESSOR_DEFINITIONS = (
					"DEBUG=1",
					"$(inherited)",
				);
				GCC_SYMBOLS_PRIVATE_EXTERN = NO;
				GCC_WARN_64_TO_32_BIT_CONVERSION = YES;
				GCC_WARN_ABOUT_RETURN_TYPE = YES_ERROR;
				GCC_WARN_UNDECLARED_SELECTOR = YES;
				GCC_WARN_UNINITIALIZED_AUTOS = YES_AGGRESSIVE;
				GCC_WARN_UNUSED_FUNCTION = YES;
				GCC_WARN_UNUSED_VARIABLE = YES;
				IPHONEOS_DEPLOYMENT_TARGET = 10.0;
				LD_RUNPATH_SEARCH_PATHS = "/usr/lib/swift $(inherited)";
				LIBRARY_SEARCH_PATHS = (
					"\"$(TOOLCHAIN_DIR)/usr/lib/swift/$(PLATFORM_NAME)\"",
					"\"$(TOOLCHAIN_DIR)/usr/lib/swift-5.0/$(PLATFORM_NAME)\"",
					"\"$(inherited)\"",
				);
				MTL_ENABLE_DEBUG_INFO = YES;
				ONLY_ACTIVE_ARCH = YES;
				SDKROOT = iphoneos;
			};
			name = Debug;
		};
		83CBBA211A601CBA00E9B192 /* Release */ = {
			isa = XCBuildConfiguration;
			buildSettings = {
				ALWAYS_SEARCH_USER_PATHS = NO;
				CLANG_ANALYZER_LOCALIZABILITY_NONLOCALIZED = YES;
				CLANG_CXX_LANGUAGE_STANDARD = "gnu++0x";
				CLANG_CXX_LIBRARY = "libc++";
				CLANG_ENABLE_MODULES = YES;
				CLANG_ENABLE_OBJC_ARC = YES;
				CLANG_WARN_BLOCK_CAPTURE_AUTORELEASING = YES;
				CLANG_WARN_BOOL_CONVERSION = YES;
				CLANG_WARN_COMMA = YES;
				CLANG_WARN_CONSTANT_CONVERSION = YES;
				CLANG_WARN_DEPRECATED_OBJC_IMPLEMENTATIONS = YES;
				CLANG_WARN_DIRECT_OBJC_ISA_USAGE = YES_ERROR;
				CLANG_WARN_EMPTY_BODY = YES;
				CLANG_WARN_ENUM_CONVERSION = YES;
				CLANG_WARN_INFINITE_RECURSION = YES;
				CLANG_WARN_INT_CONVERSION = YES;
				CLANG_WARN_NON_LITERAL_NULL_CONVERSION = YES;
				CLANG_WARN_OBJC_IMPLICIT_RETAIN_SELF = YES;
				CLANG_WARN_OBJC_LITERAL_CONVERSION = YES;
				CLANG_WARN_OBJC_ROOT_CLASS = YES_ERROR;
				CLANG_WARN_RANGE_LOOP_ANALYSIS = YES;
				CLANG_WARN_STRICT_PROTOTYPES = YES;
				CLANG_WARN_SUSPICIOUS_MOVE = YES;
				CLANG_WARN_UNREACHABLE_CODE = YES;
				CLANG_WARN__DUPLICATE_METHOD_MATCH = YES;
				"CODE_SIGN_IDENTITY[sdk=iphoneos*]" = "iPhone Developer";
				COPY_PHASE_STRIP = YES;
				ENABLE_NS_ASSERTIONS = NO;
				ENABLE_STRICT_OBJC_MSGSEND = YES;
				GCC_C_LANGUAGE_STANDARD = gnu99;
				GCC_NO_COMMON_BLOCKS = YES;
				GCC_WARN_64_TO_32_BIT_CONVERSION = YES;
				GCC_WARN_ABOUT_RETURN_TYPE = YES_ERROR;
				GCC_WARN_UNDECLARED_SELECTOR = YES;
				GCC_WARN_UNINITIALIZED_AUTOS = YES_AGGRESSIVE;
				GCC_WARN_UNUSED_FUNCTION = YES;
				GCC_WARN_UNUSED_VARIABLE = YES;
				IPHONEOS_DEPLOYMENT_TARGET = 10.0;
				LD_RUNPATH_SEARCH_PATHS = "/usr/lib/swift $(inherited)";
				LIBRARY_SEARCH_PATHS = (
					"\"$(TOOLCHAIN_DIR)/usr/lib/swift/$(PLATFORM_NAME)\"",
					"\"$(TOOLCHAIN_DIR)/usr/lib/swift-5.0/$(PLATFORM_NAME)\"",
					"\"$(inherited)\"",
				);
				MTL_ENABLE_DEBUG_INFO = NO;
				SDKROOT = iphoneos;
				VALIDATE_PRODUCT = YES;
			};
			name = Release;
		};
/* End XCBuildConfiguration section */

/* Begin XCConfigurationList section */
		00E357021AD99517003FC87E /* Build configuration list for PBXNativeTarget "Reanimated2PlaygroundTests" */ = {
			isa = XCConfigurationList;
			buildConfigurations = (
				00E356F61AD99517003FC87E /* Debug */,
				00E356F71AD99517003FC87E /* Release */,
			);
			defaultConfigurationIsVisible = 0;
			defaultConfigurationName = Release;
		};
		13B07F931A680F5B00A75B9A /* Build configuration list for PBXNativeTarget "Reanimated2Playground" */ = {
			isa = XCConfigurationList;
			buildConfigurations = (
				13B07F941A680F5B00A75B9A /* Debug */,
				13B07F951A680F5B00A75B9A /* Release */,
			);
			defaultConfigurationIsVisible = 0;
			defaultConfigurationName = Release;
		};
		2D02E4BA1E0B4A5E006451C7 /* Build configuration list for PBXNativeTarget "Reanimated2Playground-tvOS" */ = {
			isa = XCConfigurationList;
			buildConfigurations = (
				2D02E4971E0B4A5E006451C7 /* Debug */,
				2D02E4981E0B4A5E006451C7 /* Release */,
			);
			defaultConfigurationIsVisible = 0;
			defaultConfigurationName = Release;
		};
		2D02E4BB1E0B4A5E006451C7 /* Build configuration list for PBXNativeTarget "Reanimated2Playground-tvOSTests" */ = {
			isa = XCConfigurationList;
			buildConfigurations = (
				2D02E4991E0B4A5E006451C7 /* Debug */,
				2D02E49A1E0B4A5E006451C7 /* Release */,
			);
			defaultConfigurationIsVisible = 0;
			defaultConfigurationName = Release;
		};
		83CBB9FA1A601CBA00E9B192 /* Build configuration list for PBXProject "Reanimated2Playground" */ = {
			isa = XCConfigurationList;
			buildConfigurations = (
				83CBBA201A601CBA00E9B192 /* Debug */,
				83CBBA211A601CBA00E9B192 /* Release */,
			);
			defaultConfigurationIsVisible = 0;
			defaultConfigurationName = Release;
		};
/* End XCConfigurationList section */
	};
	rootObject = 83CBB9F71A601CBA00E9B192 /* Project object */;
}
